
Microsoft Visual Studio Solution File, Format Version 12.00
# Visual Studio 14
VisualStudioVersion = 14.0.25420.1
MinimumVisualStudioVersion = 10.0.40219.1
Project("{FAE04EC0-301F-11D3-BF4B-00C04F79EFBC}") = "Samples.Droid", "Samples\Samples.Droid\Samples.Droid.csproj", "{8E1028CB-C0CC-4FD8-B205-A5E46E96AD33}"
EndProject
Project("{FAE04EC0-301F-11D3-BF4B-00C04F79EFBC}") = "Samples.iOS", "Samples\Samples.iOS\Samples.iOS.csproj", "{3107CAB7-B392-4013-A5B0-8A4A6149ADA4}"
EndProject
Project("{FAE04EC0-301F-11D3-BF4B-00C04F79EFBC}") = "Samples", "Samples\Samples\Samples.csproj", "{AF0917DD-079A-49CB-9115-BA08340E4ED8}"
EndProject
Project("{2150E333-8FDC-42A3-9474-1A3956D46DE8}") = "Solution Items", "Solution Items", "{CB45572F-4288-4D54-98BB-B2807C2A8C54}"
	ProjectSection(SolutionItems) = preProject
		nuspec\Acr.Ble.Server.nuspec = nuspec\Acr.Ble.Server.nuspec
		bootbuild.ps1 = bootbuild.ps1
		bootbuild.sh = bootbuild.sh
		build.cake = build.cake
		build.cmd = build.cmd
		LICENSE.md = LICENSE.md
		nuspec\nuget.exe = nuspec\nuget.exe
		nuspec\pack.cmd = nuspec\pack.cmd
		nuspec\Plugin.BluetoothLE.Server.nuspec = nuspec\Plugin.BluetoothLE.Server.nuspec
		nuspec\push.cmd = nuspec\push.cmd
	EndProjectSection
EndProject
Project("{FAE04EC0-301F-11D3-BF4B-00C04F79EFBC}") = "Acr.Ble.Server", "Acr.Ble.Server\Acr.Ble.Server.csproj", "{61470AAC-E055-44D8-A649-2E0CFD8C28BD}"
EndProject
Project("{FAE04EC0-301F-11D3-BF4B-00C04F79EFBC}") = "Acr.Ble.Server.Interfaces", "Acr.Ble.Server.Interfaces\Acr.Ble.Server.Interfaces.csproj", "{AD886BE2-6DB2-424F-B173-FBFE0F117BA0}"
EndProject
Project("{FAE04EC0-301F-11D3-BF4B-00C04F79EFBC}") = "Acr.Ble.Server.Android", "Acr.Ble.Server.Android\Acr.Ble.Server.Android.csproj", "{BE07D63B-C90D-4FCF-9391-001D2406CE45}"
EndProject
Project("{FAE04EC0-301F-11D3-BF4B-00C04F79EFBC}") = "Acr.Ble.Server.iOS", "Acr.Ble.Server.iOS\Acr.Ble.Server.iOS.csproj", "{E84A8278-60CC-4B21-8326-B1A0EC3D1801}"
EndProject
Project("{D954291E-2A0B-460D-934E-DC6B0785DB48}") = "Acr.Ble.Server.Shared", "Acr.Ble.Server.Shared\Acr.Ble.Server.Shared.shproj", "{DDE53660-94A9-474E-9788-8C86305FADD2}"
EndProject
Project("{2150E333-8FDC-42A3-9474-1A3956D46DE8}") = "docs", "docs", "{3579BFA2-7091-4C81-9E54-D8EA65E6F664}"
	ProjectSection(SolutionItems) = preProject
		docs\advertising.md = docs\advertising.md
		docs\characteristics.md = docs\characteristics.md
		docs\faq.md = docs\faq.md
		readme.md = readme.md
	EndProjectSection
EndProject
Global
	GlobalSection(SharedMSBuildProjectFiles) = preSolution
		Acr.Ble.Server.Shared\Acr.Ble.Server.Shared.projitems*{61470aac-e055-44d8-a649-2e0cfd8c28bd}*SharedItemsImports = 4
		Acr.Ble.Server.Shared\Acr.Ble.Server.Shared.projitems*{be07d63b-c90d-4fcf-9391-001d2406ce45}*SharedItemsImports = 4
		Acr.Ble.Server.Shared\Acr.Ble.Server.Shared.projitems*{dde53660-94a9-474e-9788-8c86305fadd2}*SharedItemsImports = 13
		Acr.Ble.Server.Shared\Acr.Ble.Server.Shared.projitems*{e84a8278-60cc-4b21-8326-b1a0ec3d1801}*SharedItemsImports = 4
	EndGlobalSection
	GlobalSection(SolutionConfigurationPlatforms) = preSolution
		Ad-Hoc|Any CPU = Ad-Hoc|Any CPU
		Ad-Hoc|ARM = Ad-Hoc|ARM
		Ad-Hoc|iPhone = Ad-Hoc|iPhone
		Ad-Hoc|iPhoneSimulator = Ad-Hoc|iPhoneSimulator
		Ad-Hoc|x64 = Ad-Hoc|x64
		Ad-Hoc|x86 = Ad-Hoc|x86
		AppStore|Any CPU = AppStore|Any CPU
		AppStore|ARM = AppStore|ARM
		AppStore|iPhone = AppStore|iPhone
		AppStore|iPhoneSimulator = AppStore|iPhoneSimulator
		AppStore|x64 = AppStore|x64
		AppStore|x86 = AppStore|x86
		Debug|Any CPU = Debug|Any CPU
		Debug|ARM = Debug|ARM
		Debug|iPhone = Debug|iPhone
		Debug|iPhoneSimulator = Debug|iPhoneSimulator
		Debug|x64 = Debug|x64
		Debug|x86 = Debug|x86
		Release|Any CPU = Release|Any CPU
		Release|ARM = Release|ARM
		Release|iPhone = Release|iPhone
		Release|iPhoneSimulator = Release|iPhoneSimulator
		Release|x64 = Release|x64
		Release|x86 = Release|x86
	EndGlobalSection
	GlobalSection(ProjectConfigurationPlatforms) = postSolution
		{8E1028CB-C0CC-4FD8-B205-A5E46E96AD33}.Ad-Hoc|Any CPU.ActiveCfg = Release|Any CPU
		{8E1028CB-C0CC-4FD8-B205-A5E46E96AD33}.Ad-Hoc|Any CPU.Build.0 = Release|Any CPU
		{8E1028CB-C0CC-4FD8-B205-A5E46E96AD33}.Ad-Hoc|Any CPU.Deploy.0 = Release|Any CPU
		{8E1028CB-C0CC-4FD8-B205-A5E46E96AD33}.Ad-Hoc|ARM.ActiveCfg = Release|Any CPU
		{8E1028CB-C0CC-4FD8-B205-A5E46E96AD33}.Ad-Hoc|ARM.Build.0 = Release|Any CPU
		{8E1028CB-C0CC-4FD8-B205-A5E46E96AD33}.Ad-Hoc|ARM.Deploy.0 = Release|Any CPU
		{8E1028CB-C0CC-4FD8-B205-A5E46E96AD33}.Ad-Hoc|iPhone.ActiveCfg = Release|Any CPU
		{8E1028CB-C0CC-4FD8-B205-A5E46E96AD33}.Ad-Hoc|iPhone.Build.0 = Release|Any CPU
		{8E1028CB-C0CC-4FD8-B205-A5E46E96AD33}.Ad-Hoc|iPhone.Deploy.0 = Release|Any CPU
		{8E1028CB-C0CC-4FD8-B205-A5E46E96AD33}.Ad-Hoc|iPhoneSimulator.ActiveCfg = Release|Any CPU
		{8E1028CB-C0CC-4FD8-B205-A5E46E96AD33}.Ad-Hoc|iPhoneSimulator.Build.0 = Release|Any CPU
		{8E1028CB-C0CC-4FD8-B205-A5E46E96AD33}.Ad-Hoc|iPhoneSimulator.Deploy.0 = Release|Any CPU
		{8E1028CB-C0CC-4FD8-B205-A5E46E96AD33}.Ad-Hoc|x64.ActiveCfg = Release|Any CPU
		{8E1028CB-C0CC-4FD8-B205-A5E46E96AD33}.Ad-Hoc|x64.Build.0 = Release|Any CPU
		{8E1028CB-C0CC-4FD8-B205-A5E46E96AD33}.Ad-Hoc|x64.Deploy.0 = Release|Any CPU
		{8E1028CB-C0CC-4FD8-B205-A5E46E96AD33}.Ad-Hoc|x86.ActiveCfg = Release|Any CPU
		{8E1028CB-C0CC-4FD8-B205-A5E46E96AD33}.Ad-Hoc|x86.Build.0 = Release|Any CPU
		{8E1028CB-C0CC-4FD8-B205-A5E46E96AD33}.Ad-Hoc|x86.Deploy.0 = Release|Any CPU
		{8E1028CB-C0CC-4FD8-B205-A5E46E96AD33}.AppStore|Any CPU.ActiveCfg = Release|Any CPU
		{8E1028CB-C0CC-4FD8-B205-A5E46E96AD33}.AppStore|Any CPU.Build.0 = Release|Any CPU
		{8E1028CB-C0CC-4FD8-B205-A5E46E96AD33}.AppStore|Any CPU.Deploy.0 = Release|Any CPU
		{8E1028CB-C0CC-4FD8-B205-A5E46E96AD33}.AppStore|ARM.ActiveCfg = Release|Any CPU
		{8E1028CB-C0CC-4FD8-B205-A5E46E96AD33}.AppStore|ARM.Build.0 = Release|Any CPU
		{8E1028CB-C0CC-4FD8-B205-A5E46E96AD33}.AppStore|ARM.Deploy.0 = Release|Any CPU
		{8E1028CB-C0CC-4FD8-B205-A5E46E96AD33}.AppStore|iPhone.ActiveCfg = Release|Any CPU
		{8E1028CB-C0CC-4FD8-B205-A5E46E96AD33}.AppStore|iPhone.Build.0 = Release|Any CPU
		{8E1028CB-C0CC-4FD8-B205-A5E46E96AD33}.AppStore|iPhone.Deploy.0 = Release|Any CPU
		{8E1028CB-C0CC-4FD8-B205-A5E46E96AD33}.AppStore|iPhoneSimulator.ActiveCfg = Release|Any CPU
		{8E1028CB-C0CC-4FD8-B205-A5E46E96AD33}.AppStore|iPhoneSimulator.Build.0 = Release|Any CPU
		{8E1028CB-C0CC-4FD8-B205-A5E46E96AD33}.AppStore|iPhoneSimulator.Deploy.0 = Release|Any CPU
		{8E1028CB-C0CC-4FD8-B205-A5E46E96AD33}.AppStore|x64.ActiveCfg = Release|Any CPU
		{8E1028CB-C0CC-4FD8-B205-A5E46E96AD33}.AppStore|x64.Build.0 = Release|Any CPU
		{8E1028CB-C0CC-4FD8-B205-A5E46E96AD33}.AppStore|x64.Deploy.0 = Release|Any CPU
		{8E1028CB-C0CC-4FD8-B205-A5E46E96AD33}.AppStore|x86.ActiveCfg = Release|Any CPU
		{8E1028CB-C0CC-4FD8-B205-A5E46E96AD33}.AppStore|x86.Build.0 = Release|Any CPU
		{8E1028CB-C0CC-4FD8-B205-A5E46E96AD33}.AppStore|x86.Deploy.0 = Release|Any CPU
		{8E1028CB-C0CC-4FD8-B205-A5E46E96AD33}.Debug|Any CPU.ActiveCfg = Debug|Any CPU
		{8E1028CB-C0CC-4FD8-B205-A5E46E96AD33}.Debug|Any CPU.Build.0 = Debug|Any CPU
		{8E1028CB-C0CC-4FD8-B205-A5E46E96AD33}.Debug|Any CPU.Deploy.0 = Debug|Any CPU
		{8E1028CB-C0CC-4FD8-B205-A5E46E96AD33}.Debug|ARM.ActiveCfg = Debug|Any CPU
		{8E1028CB-C0CC-4FD8-B205-A5E46E96AD33}.Debug|ARM.Build.0 = Debug|Any CPU
		{8E1028CB-C0CC-4FD8-B205-A5E46E96AD33}.Debug|ARM.Deploy.0 = Debug|Any CPU
		{8E1028CB-C0CC-4FD8-B205-A5E46E96AD33}.Debug|iPhone.ActiveCfg = Debug|Any CPU
		{8E1028CB-C0CC-4FD8-B205-A5E46E96AD33}.Debug|iPhoneSimulator.ActiveCfg = Debug|Any CPU
		{8E1028CB-C0CC-4FD8-B205-A5E46E96AD33}.Debug|iPhoneSimulator.Build.0 = Debug|Any CPU
		{8E1028CB-C0CC-4FD8-B205-A5E46E96AD33}.Debug|iPhoneSimulator.Deploy.0 = Debug|Any CPU
		{8E1028CB-C0CC-4FD8-B205-A5E46E96AD33}.Debug|x64.ActiveCfg = Debug|Any CPU
		{8E1028CB-C0CC-4FD8-B205-A5E46E96AD33}.Debug|x64.Build.0 = Debug|Any CPU
		{8E1028CB-C0CC-4FD8-B205-A5E46E96AD33}.Debug|x64.Deploy.0 = Debug|Any CPU
		{8E1028CB-C0CC-4FD8-B205-A5E46E96AD33}.Debug|x86.ActiveCfg = Debug|Any CPU
		{8E1028CB-C0CC-4FD8-B205-A5E46E96AD33}.Debug|x86.Build.0 = Debug|Any CPU
		{8E1028CB-C0CC-4FD8-B205-A5E46E96AD33}.Debug|x86.Deploy.0 = Debug|Any CPU
		{8E1028CB-C0CC-4FD8-B205-A5E46E96AD33}.Release|Any CPU.ActiveCfg = Release|Any CPU
		{8E1028CB-C0CC-4FD8-B205-A5E46E96AD33}.Release|Any CPU.Build.0 = Release|Any CPU
		{8E1028CB-C0CC-4FD8-B205-A5E46E96AD33}.Release|Any CPU.Deploy.0 = Release|Any CPU
		{8E1028CB-C0CC-4FD8-B205-A5E46E96AD33}.Release|ARM.ActiveCfg = Release|Any CPU
		{8E1028CB-C0CC-4FD8-B205-A5E46E96AD33}.Release|ARM.Build.0 = Release|Any CPU
		{8E1028CB-C0CC-4FD8-B205-A5E46E96AD33}.Release|ARM.Deploy.0 = Release|Any CPU
		{8E1028CB-C0CC-4FD8-B205-A5E46E96AD33}.Release|iPhone.ActiveCfg = Release|Any CPU
		{8E1028CB-C0CC-4FD8-B205-A5E46E96AD33}.Release|iPhone.Build.0 = Release|Any CPU
		{8E1028CB-C0CC-4FD8-B205-A5E46E96AD33}.Release|iPhone.Deploy.0 = Release|Any CPU
		{8E1028CB-C0CC-4FD8-B205-A5E46E96AD33}.Release|iPhoneSimulator.ActiveCfg = Release|Any CPU
		{8E1028CB-C0CC-4FD8-B205-A5E46E96AD33}.Release|iPhoneSimulator.Build.0 = Release|Any CPU
		{8E1028CB-C0CC-4FD8-B205-A5E46E96AD33}.Release|iPhoneSimulator.Deploy.0 = Release|Any CPU
		{8E1028CB-C0CC-4FD8-B205-A5E46E96AD33}.Release|x64.ActiveCfg = Release|Any CPU
		{8E1028CB-C0CC-4FD8-B205-A5E46E96AD33}.Release|x64.Build.0 = Release|Any CPU
		{8E1028CB-C0CC-4FD8-B205-A5E46E96AD33}.Release|x64.Deploy.0 = Release|Any CPU
		{8E1028CB-C0CC-4FD8-B205-A5E46E96AD33}.Release|x86.ActiveCfg = Release|Any CPU
		{8E1028CB-C0CC-4FD8-B205-A5E46E96AD33}.Release|x86.Build.0 = Release|Any CPU
		{8E1028CB-C0CC-4FD8-B205-A5E46E96AD33}.Release|x86.Deploy.0 = Release|Any CPU
		{3107CAB7-B392-4013-A5B0-8A4A6149ADA4}.Ad-Hoc|Any CPU.ActiveCfg = Ad-Hoc|iPhone
		{3107CAB7-B392-4013-A5B0-8A4A6149ADA4}.Ad-Hoc|ARM.ActiveCfg = Ad-Hoc|iPhone
		{3107CAB7-B392-4013-A5B0-8A4A6149ADA4}.Ad-Hoc|iPhone.ActiveCfg = Ad-Hoc|iPhone
		{3107CAB7-B392-4013-A5B0-8A4A6149ADA4}.Ad-Hoc|iPhone.Build.0 = Ad-Hoc|iPhone
		{3107CAB7-B392-4013-A5B0-8A4A6149ADA4}.Ad-Hoc|iPhoneSimulator.ActiveCfg = Ad-Hoc|iPhoneSimulator
		{3107CAB7-B392-4013-A5B0-8A4A6149ADA4}.Ad-Hoc|iPhoneSimulator.Build.0 = Ad-Hoc|iPhoneSimulator
		{3107CAB7-B392-4013-A5B0-8A4A6149ADA4}.Ad-Hoc|x64.ActiveCfg = Ad-Hoc|iPhone
		{3107CAB7-B392-4013-A5B0-8A4A6149ADA4}.Ad-Hoc|x86.ActiveCfg = Ad-Hoc|iPhone
		{3107CAB7-B392-4013-A5B0-8A4A6149ADA4}.AppStore|Any CPU.ActiveCfg = AppStore|iPhone
		{3107CAB7-B392-4013-A5B0-8A4A6149ADA4}.AppStore|ARM.ActiveCfg = AppStore|iPhone
		{3107CAB7-B392-4013-A5B0-8A4A6149ADA4}.AppStore|iPhone.ActiveCfg = AppStore|iPhone
		{3107CAB7-B392-4013-A5B0-8A4A6149ADA4}.AppStore|iPhone.Build.0 = AppStore|iPhone
		{3107CAB7-B392-4013-A5B0-8A4A6149ADA4}.AppStore|iPhoneSimulator.ActiveCfg = AppStore|iPhoneSimulator
		{3107CAB7-B392-4013-A5B0-8A4A6149ADA4}.AppStore|iPhoneSimulator.Build.0 = AppStore|iPhoneSimulator
		{3107CAB7-B392-4013-A5B0-8A4A6149ADA4}.AppStore|x64.ActiveCfg = AppStore|iPhone
		{3107CAB7-B392-4013-A5B0-8A4A6149ADA4}.AppStore|x86.ActiveCfg = AppStore|iPhone
		{3107CAB7-B392-4013-A5B0-8A4A6149ADA4}.Debug|Any CPU.ActiveCfg = Debug|iPhone
		{3107CAB7-B392-4013-A5B0-8A4A6149ADA4}.Debug|Any CPU.Build.0 = Debug|iPhone
		{3107CAB7-B392-4013-A5B0-8A4A6149ADA4}.Debug|ARM.ActiveCfg = Debug|iPhone
		{3107CAB7-B392-4013-A5B0-8A4A6149ADA4}.Debug|iPhone.ActiveCfg = Debug|iPhone
		{3107CAB7-B392-4013-A5B0-8A4A6149ADA4}.Debug|iPhone.Build.0 = Debug|iPhone
		{3107CAB7-B392-4013-A5B0-8A4A6149ADA4}.Debug|iPhoneSimulator.ActiveCfg = Debug|iPhoneSimulator
		{3107CAB7-B392-4013-A5B0-8A4A6149ADA4}.Debug|iPhoneSimulator.Build.0 = Debug|iPhoneSimulator
		{3107CAB7-B392-4013-A5B0-8A4A6149ADA4}.Debug|x64.ActiveCfg = Debug|iPhone
		{3107CAB7-B392-4013-A5B0-8A4A6149ADA4}.Debug|x86.ActiveCfg = Debug|iPhone
		{3107CAB7-B392-4013-A5B0-8A4A6149ADA4}.Release|Any CPU.ActiveCfg = Release|iPhone
		{3107CAB7-B392-4013-A5B0-8A4A6149ADA4}.Release|ARM.ActiveCfg = Release|iPhone
		{3107CAB7-B392-4013-A5B0-8A4A6149ADA4}.Release|iPhone.ActiveCfg = Release|iPhone
		{3107CAB7-B392-4013-A5B0-8A4A6149ADA4}.Release|iPhone.Build.0 = Release|iPhone
		{3107CAB7-B392-4013-A5B0-8A4A6149ADA4}.Release|iPhoneSimulator.ActiveCfg = Release|iPhoneSimulator
		{3107CAB7-B392-4013-A5B0-8A4A6149ADA4}.Release|iPhoneSimulator.Build.0 = Release|iPhoneSimulator
		{3107CAB7-B392-4013-A5B0-8A4A6149ADA4}.Release|x64.ActiveCfg = Release|iPhone
		{3107CAB7-B392-4013-A5B0-8A4A6149ADA4}.Release|x86.ActiveCfg = Release|iPhone
		{AF0917DD-079A-49CB-9115-BA08340E4ED8}.Ad-Hoc|Any CPU.ActiveCfg = Release|Any CPU
		{AF0917DD-079A-49CB-9115-BA08340E4ED8}.Ad-Hoc|Any CPU.Build.0 = Release|Any CPU
		{AF0917DD-079A-49CB-9115-BA08340E4ED8}.Ad-Hoc|ARM.ActiveCfg = Release|Any CPU
		{AF0917DD-079A-49CB-9115-BA08340E4ED8}.Ad-Hoc|ARM.Build.0 = Release|Any CPU
		{AF0917DD-079A-49CB-9115-BA08340E4ED8}.Ad-Hoc|iPhone.ActiveCfg = Release|Any CPU
		{AF0917DD-079A-49CB-9115-BA08340E4ED8}.Ad-Hoc|iPhone.Build.0 = Release|Any CPU
		{AF0917DD-079A-49CB-9115-BA08340E4ED8}.Ad-Hoc|iPhoneSimulator.ActiveCfg = Release|Any CPU
		{AF0917DD-079A-49CB-9115-BA08340E4ED8}.Ad-Hoc|iPhoneSimulator.Build.0 = Release|Any CPU
		{AF0917DD-079A-49CB-9115-BA08340E4ED8}.Ad-Hoc|x64.ActiveCfg = Release|Any CPU
		{AF0917DD-079A-49CB-9115-BA08340E4ED8}.Ad-Hoc|x64.Build.0 = Release|Any CPU
		{AF0917DD-079A-49CB-9115-BA08340E4ED8}.Ad-Hoc|x86.ActiveCfg = Release|Any CPU
		{AF0917DD-079A-49CB-9115-BA08340E4ED8}.Ad-Hoc|x86.Build.0 = Release|Any CPU
		{AF0917DD-079A-49CB-9115-BA08340E4ED8}.AppStore|Any CPU.ActiveCfg = Release|Any CPU
		{AF0917DD-079A-49CB-9115-BA08340E4ED8}.AppStore|Any CPU.Build.0 = Release|Any CPU
		{AF0917DD-079A-49CB-9115-BA08340E4ED8}.AppStore|ARM.ActiveCfg = Release|Any CPU
		{AF0917DD-079A-49CB-9115-BA08340E4ED8}.AppStore|ARM.Build.0 = Release|Any CPU
		{AF0917DD-079A-49CB-9115-BA08340E4ED8}.AppStore|iPhone.ActiveCfg = Release|Any CPU
		{AF0917DD-079A-49CB-9115-BA08340E4ED8}.AppStore|iPhone.Build.0 = Release|Any CPU
		{AF0917DD-079A-49CB-9115-BA08340E4ED8}.AppStore|iPhoneSimulator.ActiveCfg = Release|Any CPU
		{AF0917DD-079A-49CB-9115-BA08340E4ED8}.AppStore|iPhoneSimulator.Build.0 = Release|Any CPU
		{AF0917DD-079A-49CB-9115-BA08340E4ED8}.AppStore|x64.ActiveCfg = Release|Any CPU
		{AF0917DD-079A-49CB-9115-BA08340E4ED8}.AppStore|x64.Build.0 = Release|Any CPU
		{AF0917DD-079A-49CB-9115-BA08340E4ED8}.AppStore|x86.ActiveCfg = Release|Any CPU
		{AF0917DD-079A-49CB-9115-BA08340E4ED8}.AppStore|x86.Build.0 = Release|Any CPU
		{AF0917DD-079A-49CB-9115-BA08340E4ED8}.Debug|Any CPU.ActiveCfg = Debug|Any CPU
		{AF0917DD-079A-49CB-9115-BA08340E4ED8}.Debug|Any CPU.Build.0 = Debug|Any CPU
		{AF0917DD-079A-49CB-9115-BA08340E4ED8}.Debug|ARM.ActiveCfg = Debug|Any CPU
		{AF0917DD-079A-49CB-9115-BA08340E4ED8}.Debug|ARM.Build.0 = Debug|Any CPU
		{AF0917DD-079A-49CB-9115-BA08340E4ED8}.Debug|iPhone.ActiveCfg = Debug|Any CPU
		{AF0917DD-079A-49CB-9115-BA08340E4ED8}.Debug|iPhone.Build.0 = Debug|Any CPU
		{AF0917DD-079A-49CB-9115-BA08340E4ED8}.Debug|iPhoneSimulator.ActiveCfg = Debug|Any CPU
		{AF0917DD-079A-49CB-9115-BA08340E4ED8}.Debug|iPhoneSimulator.Build.0 = Debug|Any CPU
		{AF0917DD-079A-49CB-9115-BA08340E4ED8}.Debug|x64.ActiveCfg = Debug|Any CPU
		{AF0917DD-079A-49CB-9115-BA08340E4ED8}.Debug|x64.Build.0 = Debug|Any CPU
		{AF0917DD-079A-49CB-9115-BA08340E4ED8}.Debug|x86.ActiveCfg = Debug|Any CPU
		{AF0917DD-079A-49CB-9115-BA08340E4ED8}.Debug|x86.Build.0 = Debug|Any CPU
		{AF0917DD-079A-49CB-9115-BA08340E4ED8}.Release|Any CPU.ActiveCfg = Release|Any CPU
		{AF0917DD-079A-49CB-9115-BA08340E4ED8}.Release|Any CPU.Build.0 = Release|Any CPU
		{AF0917DD-079A-49CB-9115-BA08340E4ED8}.Release|ARM.ActiveCfg = Release|Any CPU
		{AF0917DD-079A-49CB-9115-BA08340E4ED8}.Release|ARM.Build.0 = Release|Any CPU
		{AF0917DD-079A-49CB-9115-BA08340E4ED8}.Release|iPhone.ActiveCfg = Release|Any CPU
		{AF0917DD-079A-49CB-9115-BA08340E4ED8}.Release|iPhone.Build.0 = Release|Any CPU
		{AF0917DD-079A-49CB-9115-BA08340E4ED8}.Release|iPhoneSimulator.ActiveCfg = Release|Any CPU
		{AF0917DD-079A-49CB-9115-BA08340E4ED8}.Release|iPhoneSimulator.Build.0 = Release|Any CPU
		{AF0917DD-079A-49CB-9115-BA08340E4ED8}.Release|x64.ActiveCfg = Release|Any CPU
		{AF0917DD-079A-49CB-9115-BA08340E4ED8}.Release|x64.Build.0 = Release|Any CPU
		{AF0917DD-079A-49CB-9115-BA08340E4ED8}.Release|x86.ActiveCfg = Release|Any CPU
		{AF0917DD-079A-49CB-9115-BA08340E4ED8}.Release|x86.Build.0 = Release|Any CPU
		{61470AAC-E055-44D8-A649-2E0CFD8C28BD}.Ad-Hoc|Any CPU.ActiveCfg = Release|Any CPU
		{61470AAC-E055-44D8-A649-2E0CFD8C28BD}.Ad-Hoc|Any CPU.Build.0 = Release|Any CPU
		{61470AAC-E055-44D8-A649-2E0CFD8C28BD}.Ad-Hoc|ARM.ActiveCfg = Release|Any CPU
		{61470AAC-E055-44D8-A649-2E0CFD8C28BD}.Ad-Hoc|ARM.Build.0 = Release|Any CPU
		{61470AAC-E055-44D8-A649-2E0CFD8C28BD}.Ad-Hoc|iPhone.ActiveCfg = Release|Any CPU
		{61470AAC-E055-44D8-A649-2E0CFD8C28BD}.Ad-Hoc|iPhone.Build.0 = Release|Any CPU
		{61470AAC-E055-44D8-A649-2E0CFD8C28BD}.Ad-Hoc|iPhoneSimulator.ActiveCfg = Release|Any CPU
		{61470AAC-E055-44D8-A649-2E0CFD8C28BD}.Ad-Hoc|iPhoneSimulator.Build.0 = Release|Any CPU
		{61470AAC-E055-44D8-A649-2E0CFD8C28BD}.Ad-Hoc|x64.ActiveCfg = Release|Any CPU
		{61470AAC-E055-44D8-A649-2E0CFD8C28BD}.Ad-Hoc|x64.Build.0 = Release|Any CPU
		{61470AAC-E055-44D8-A649-2E0CFD8C28BD}.Ad-Hoc|x86.ActiveCfg = Release|Any CPU
		{61470AAC-E055-44D8-A649-2E0CFD8C28BD}.Ad-Hoc|x86.Build.0 = Release|Any CPU
		{61470AAC-E055-44D8-A649-2E0CFD8C28BD}.AppStore|Any CPU.ActiveCfg = Release|Any CPU
		{61470AAC-E055-44D8-A649-2E0CFD8C28BD}.AppStore|Any CPU.Build.0 = Release|Any CPU
		{61470AAC-E055-44D8-A649-2E0CFD8C28BD}.AppStore|ARM.ActiveCfg = Release|Any CPU
		{61470AAC-E055-44D8-A649-2E0CFD8C28BD}.AppStore|ARM.Build.0 = Release|Any CPU
		{61470AAC-E055-44D8-A649-2E0CFD8C28BD}.AppStore|iPhone.ActiveCfg = Release|Any CPU
		{61470AAC-E055-44D8-A649-2E0CFD8C28BD}.AppStore|iPhone.Build.0 = Release|Any CPU
		{61470AAC-E055-44D8-A649-2E0CFD8C28BD}.AppStore|iPhoneSimulator.ActiveCfg = Release|Any CPU
		{61470AAC-E055-44D8-A649-2E0CFD8C28BD}.AppStore|iPhoneSimulator.Build.0 = Release|Any CPU
		{61470AAC-E055-44D8-A649-2E0CFD8C28BD}.AppStore|x64.ActiveCfg = Release|Any CPU
		{61470AAC-E055-44D8-A649-2E0CFD8C28BD}.AppStore|x64.Build.0 = Release|Any CPU
		{61470AAC-E055-44D8-A649-2E0CFD8C28BD}.AppStore|x86.ActiveCfg = Release|Any CPU
		{61470AAC-E055-44D8-A649-2E0CFD8C28BD}.AppStore|x86.Build.0 = Release|Any CPU
		{61470AAC-E055-44D8-A649-2E0CFD8C28BD}.Debug|Any CPU.ActiveCfg = Debug|Any CPU
		{61470AAC-E055-44D8-A649-2E0CFD8C28BD}.Debug|Any CPU.Build.0 = Debug|Any CPU
		{61470AAC-E055-44D8-A649-2E0CFD8C28BD}.Debug|ARM.ActiveCfg = Debug|Any CPU
		{61470AAC-E055-44D8-A649-2E0CFD8C28BD}.Debug|ARM.Build.0 = Debug|Any CPU
		{61470AAC-E055-44D8-A649-2E0CFD8C28BD}.Debug|iPhone.ActiveCfg = Debug|Any CPU
		{61470AAC-E055-44D8-A649-2E0CFD8C28BD}.Debug|iPhoneSimulator.ActiveCfg = Debug|Any CPU
		{61470AAC-E055-44D8-A649-2E0CFD8C28BD}.Debug|iPhoneSimulator.Build.0 = Debug|Any CPU
		{61470AAC-E055-44D8-A649-2E0CFD8C28BD}.Debug|x64.ActiveCfg = Debug|Any CPU
		{61470AAC-E055-44D8-A649-2E0CFD8C28BD}.Debug|x64.Build.0 = Debug|Any CPU
		{61470AAC-E055-44D8-A649-2E0CFD8C28BD}.Debug|x86.ActiveCfg = Debug|Any CPU
		{61470AAC-E055-44D8-A649-2E0CFD8C28BD}.Debug|x86.Build.0 = Debug|Any CPU
		{61470AAC-E055-44D8-A649-2E0CFD8C28BD}.Release|Any CPU.ActiveCfg = Release|Any CPU
		{61470AAC-E055-44D8-A649-2E0CFD8C28BD}.Release|Any CPU.Build.0 = Release|Any CPU
		{61470AAC-E055-44D8-A649-2E0CFD8C28BD}.Release|ARM.ActiveCfg = Release|Any CPU
		{61470AAC-E055-44D8-A649-2E0CFD8C28BD}.Release|ARM.Build.0 = Release|Any CPU
		{61470AAC-E055-44D8-A649-2E0CFD8C28BD}.Release|iPhone.ActiveCfg = Release|Any CPU
		{61470AAC-E055-44D8-A649-2E0CFD8C28BD}.Release|iPhone.Build.0 = Release|Any CPU
		{61470AAC-E055-44D8-A649-2E0CFD8C28BD}.Release|iPhoneSimulator.ActiveCfg = Release|Any CPU
		{61470AAC-E055-44D8-A649-2E0CFD8C28BD}.Release|iPhoneSimulator.Build.0 = Release|Any CPU
		{61470AAC-E055-44D8-A649-2E0CFD8C28BD}.Release|x64.ActiveCfg = Release|Any CPU
		{61470AAC-E055-44D8-A649-2E0CFD8C28BD}.Release|x64.Build.0 = Release|Any CPU
		{61470AAC-E055-44D8-A649-2E0CFD8C28BD}.Release|x86.ActiveCfg = Release|Any CPU
		{61470AAC-E055-44D8-A649-2E0CFD8C28BD}.Release|x86.Build.0 = Release|Any CPU
		{AD886BE2-6DB2-424F-B173-FBFE0F117BA0}.Ad-Hoc|Any CPU.ActiveCfg = Release|Any CPU
		{AD886BE2-6DB2-424F-B173-FBFE0F117BA0}.Ad-Hoc|Any CPU.Build.0 = Release|Any CPU
		{AD886BE2-6DB2-424F-B173-FBFE0F117BA0}.Ad-Hoc|ARM.ActiveCfg = Release|Any CPU
		{AD886BE2-6DB2-424F-B173-FBFE0F117BA0}.Ad-Hoc|ARM.Build.0 = Release|Any CPU
		{AD886BE2-6DB2-424F-B173-FBFE0F117BA0}.Ad-Hoc|iPhone.ActiveCfg = Release|Any CPU
		{AD886BE2-6DB2-424F-B173-FBFE0F117BA0}.Ad-Hoc|iPhone.Build.0 = Release|Any CPU
		{AD886BE2-6DB2-424F-B173-FBFE0F117BA0}.Ad-Hoc|iPhoneSimulator.ActiveCfg = Release|Any CPU
		{AD886BE2-6DB2-424F-B173-FBFE0F117BA0}.Ad-Hoc|iPhoneSimulator.Build.0 = Release|Any CPU
		{AD886BE2-6DB2-424F-B173-FBFE0F117BA0}.Ad-Hoc|x64.ActiveCfg = Release|Any CPU
		{AD886BE2-6DB2-424F-B173-FBFE0F117BA0}.Ad-Hoc|x64.Build.0 = Release|Any CPU
		{AD886BE2-6DB2-424F-B173-FBFE0F117BA0}.Ad-Hoc|x86.ActiveCfg = Release|Any CPU
		{AD886BE2-6DB2-424F-B173-FBFE0F117BA0}.Ad-Hoc|x86.Build.0 = Release|Any CPU
		{AD886BE2-6DB2-424F-B173-FBFE0F117BA0}.AppStore|Any CPU.ActiveCfg = Release|Any CPU
		{AD886BE2-6DB2-424F-B173-FBFE0F117BA0}.AppStore|Any CPU.Build.0 = Release|Any CPU
		{AD886BE2-6DB2-424F-B173-FBFE0F117BA0}.AppStore|ARM.ActiveCfg = Release|Any CPU
		{AD886BE2-6DB2-424F-B173-FBFE0F117BA0}.AppStore|ARM.Build.0 = Release|Any CPU
		{AD886BE2-6DB2-424F-B173-FBFE0F117BA0}.AppStore|iPhone.ActiveCfg = Release|Any CPU
		{AD886BE2-6DB2-424F-B173-FBFE0F117BA0}.AppStore|iPhone.Build.0 = Release|Any CPU
		{AD886BE2-6DB2-424F-B173-FBFE0F117BA0}.AppStore|iPhoneSimulator.ActiveCfg = Release|Any CPU
		{AD886BE2-6DB2-424F-B173-FBFE0F117BA0}.AppStore|iPhoneSimulator.Build.0 = Release|Any CPU
		{AD886BE2-6DB2-424F-B173-FBFE0F117BA0}.AppStore|x64.ActiveCfg = Release|Any CPU
		{AD886BE2-6DB2-424F-B173-FBFE0F117BA0}.AppStore|x64.Build.0 = Release|Any CPU
		{AD886BE2-6DB2-424F-B173-FBFE0F117BA0}.AppStore|x86.ActiveCfg = Release|Any CPU
		{AD886BE2-6DB2-424F-B173-FBFE0F117BA0}.AppStore|x86.Build.0 = Release|Any CPU
		{AD886BE2-6DB2-424F-B173-FBFE0F117BA0}.Debug|Any CPU.ActiveCfg = Debug|Any CPU
		{AD886BE2-6DB2-424F-B173-FBFE0F117BA0}.Debug|Any CPU.Build.0 = Debug|Any CPU
		{AD886BE2-6DB2-424F-B173-FBFE0F117BA0}.Debug|ARM.ActiveCfg = Debug|Any CPU
		{AD886BE2-6DB2-424F-B173-FBFE0F117BA0}.Debug|ARM.Build.0 = Debug|Any CPU
		{AD886BE2-6DB2-424F-B173-FBFE0F117BA0}.Debug|iPhone.ActiveCfg = Debug|Any CPU
		{AD886BE2-6DB2-424F-B173-FBFE0F117BA0}.Debug|iPhoneSimulator.ActiveCfg = Debug|Any CPU
		{AD886BE2-6DB2-424F-B173-FBFE0F117BA0}.Debug|iPhoneSimulator.Build.0 = Debug|Any CPU
		{AD886BE2-6DB2-424F-B173-FBFE0F117BA0}.Debug|x64.ActiveCfg = Debug|Any CPU
		{AD886BE2-6DB2-424F-B173-FBFE0F117BA0}.Debug|x64.Build.0 = Debug|Any CPU
		{AD886BE2-6DB2-424F-B173-FBFE0F117BA0}.Debug|x86.ActiveCfg = Debug|Any CPU
		{AD886BE2-6DB2-424F-B173-FBFE0F117BA0}.Debug|x86.Build.0 = Debug|Any CPU
		{AD886BE2-6DB2-424F-B173-FBFE0F117BA0}.Release|Any CPU.ActiveCfg = Release|Any CPU
		{AD886BE2-6DB2-424F-B173-FBFE0F117BA0}.Release|Any CPU.Build.0 = Release|Any CPU
		{AD886BE2-6DB2-424F-B173-FBFE0F117BA0}.Release|ARM.ActiveCfg = Release|Any CPU
		{AD886BE2-6DB2-424F-B173-FBFE0F117BA0}.Release|ARM.Build.0 = Release|Any CPU
		{AD886BE2-6DB2-424F-B173-FBFE0F117BA0}.Release|iPhone.ActiveCfg = Release|Any CPU
		{AD886BE2-6DB2-424F-B173-FBFE0F117BA0}.Release|iPhone.Build.0 = Release|Any CPU
		{AD886BE2-6DB2-424F-B173-FBFE0F117BA0}.Release|iPhoneSimulator.ActiveCfg = Release|Any CPU
		{AD886BE2-6DB2-424F-B173-FBFE0F117BA0}.Release|iPhoneSimulator.Build.0 = Release|Any CPU
		{AD886BE2-6DB2-424F-B173-FBFE0F117BA0}.Release|x64.ActiveCfg = Release|Any CPU
		{AD886BE2-6DB2-424F-B173-FBFE0F117BA0}.Release|x64.Build.0 = Release|Any CPU
		{AD886BE2-6DB2-424F-B173-FBFE0F117BA0}.Release|x86.ActiveCfg = Release|Any CPU
		{AD886BE2-6DB2-424F-B173-FBFE0F117BA0}.Release|x86.Build.0 = Release|Any CPU
		{BE07D63B-C90D-4FCF-9391-001D2406CE45}.Ad-Hoc|Any CPU.ActiveCfg = Release|Any CPU
		{BE07D63B-C90D-4FCF-9391-001D2406CE45}.Ad-Hoc|Any CPU.Build.0 = Release|Any CPU
		{BE07D63B-C90D-4FCF-9391-001D2406CE45}.Ad-Hoc|ARM.ActiveCfg = Release|Any CPU
		{BE07D63B-C90D-4FCF-9391-001D2406CE45}.Ad-Hoc|ARM.Build.0 = Release|Any CPU
		{BE07D63B-C90D-4FCF-9391-001D2406CE45}.Ad-Hoc|iPhone.ActiveCfg = Release|Any CPU
		{BE07D63B-C90D-4FCF-9391-001D2406CE45}.Ad-Hoc|iPhone.Build.0 = Release|Any CPU
		{BE07D63B-C90D-4FCF-9391-001D2406CE45}.Ad-Hoc|iPhoneSimulator.ActiveCfg = Release|Any CPU
		{BE07D63B-C90D-4FCF-9391-001D2406CE45}.Ad-Hoc|iPhoneSimulator.Build.0 = Release|Any CPU
		{BE07D63B-C90D-4FCF-9391-001D2406CE45}.Ad-Hoc|x64.ActiveCfg = Release|Any CPU
		{BE07D63B-C90D-4FCF-9391-001D2406CE45}.Ad-Hoc|x64.Build.0 = Release|Any CPU
		{BE07D63B-C90D-4FCF-9391-001D2406CE45}.Ad-Hoc|x86.ActiveCfg = Release|Any CPU
		{BE07D63B-C90D-4FCF-9391-001D2406CE45}.Ad-Hoc|x86.Build.0 = Release|Any CPU
		{BE07D63B-C90D-4FCF-9391-001D2406CE45}.AppStore|Any CPU.ActiveCfg = Release|Any CPU
		{BE07D63B-C90D-4FCF-9391-001D2406CE45}.AppStore|Any CPU.Build.0 = Release|Any CPU
		{BE07D63B-C90D-4FCF-9391-001D2406CE45}.AppStore|ARM.ActiveCfg = Release|Any CPU
		{BE07D63B-C90D-4FCF-9391-001D2406CE45}.AppStore|ARM.Build.0 = Release|Any CPU
		{BE07D63B-C90D-4FCF-9391-001D2406CE45}.AppStore|iPhone.ActiveCfg = Release|Any CPU
		{BE07D63B-C90D-4FCF-9391-001D2406CE45}.AppStore|iPhone.Build.0 = Release|Any CPU
		{BE07D63B-C90D-4FCF-9391-001D2406CE45}.AppStore|iPhoneSimulator.ActiveCfg = Release|Any CPU
		{BE07D63B-C90D-4FCF-9391-001D2406CE45}.AppStore|iPhoneSimulator.Build.0 = Release|Any CPU
		{BE07D63B-C90D-4FCF-9391-001D2406CE45}.AppStore|x64.ActiveCfg = Release|Any CPU
		{BE07D63B-C90D-4FCF-9391-001D2406CE45}.AppStore|x64.Build.0 = Release|Any CPU
		{BE07D63B-C90D-4FCF-9391-001D2406CE45}.AppStore|x86.ActiveCfg = Release|Any CPU
		{BE07D63B-C90D-4FCF-9391-001D2406CE45}.AppStore|x86.Build.0 = Release|Any CPU
		{BE07D63B-C90D-4FCF-9391-001D2406CE45}.Debug|Any CPU.ActiveCfg = Debug|Any CPU
		{BE07D63B-C90D-4FCF-9391-001D2406CE45}.Debug|Any CPU.Build.0 = Debug|Any CPU
		{BE07D63B-C90D-4FCF-9391-001D2406CE45}.Debug|ARM.ActiveCfg = Debug|Any CPU
		{BE07D63B-C90D-4FCF-9391-001D2406CE45}.Debug|ARM.Build.0 = Debug|Any CPU
		{BE07D63B-C90D-4FCF-9391-001D2406CE45}.Debug|iPhone.ActiveCfg = Debug|Any CPU
		{BE07D63B-C90D-4FCF-9391-001D2406CE45}.Debug|iPhoneSimulator.ActiveCfg = Debug|Any CPU
		{BE07D63B-C90D-4FCF-9391-001D2406CE45}.Debug|iPhoneSimulator.Build.0 = Debug|Any CPU
		{BE07D63B-C90D-4FCF-9391-001D2406CE45}.Debug|x64.ActiveCfg = Debug|Any CPU
		{BE07D63B-C90D-4FCF-9391-001D2406CE45}.Debug|x64.Build.0 = Debug|Any CPU
		{BE07D63B-C90D-4FCF-9391-001D2406CE45}.Debug|x86.ActiveCfg = Debug|Any CPU
		{BE07D63B-C90D-4FCF-9391-001D2406CE45}.Debug|x86.Build.0 = Debug|Any CPU
		{BE07D63B-C90D-4FCF-9391-001D2406CE45}.Release|Any CPU.ActiveCfg = Release|Any CPU
		{BE07D63B-C90D-4FCF-9391-001D2406CE45}.Release|Any CPU.Build.0 = Release|Any CPU
		{BE07D63B-C90D-4FCF-9391-001D2406CE45}.Release|ARM.ActiveCfg = Release|Any CPU
		{BE07D63B-C90D-4FCF-9391-001D2406CE45}.Release|ARM.Build.0 = Release|Any CPU
		{BE07D63B-C90D-4FCF-9391-001D2406CE45}.Release|iPhone.ActiveCfg = Release|Any CPU
		{BE07D63B-C90D-4FCF-9391-001D2406CE45}.Release|iPhone.Build.0 = Release|Any CPU
		{BE07D63B-C90D-4FCF-9391-001D2406CE45}.Release|iPhoneSimulator.ActiveCfg = Release|Any CPU
		{BE07D63B-C90D-4FCF-9391-001D2406CE45}.Release|iPhoneSimulator.Build.0 = Release|Any CPU
		{BE07D63B-C90D-4FCF-9391-001D2406CE45}.Release|x64.ActiveCfg = Release|Any CPU
		{BE07D63B-C90D-4FCF-9391-001D2406CE45}.Release|x64.Build.0 = Release|Any CPU
		{BE07D63B-C90D-4FCF-9391-001D2406CE45}.Release|x86.ActiveCfg = Release|Any CPU
		{BE07D63B-C90D-4FCF-9391-001D2406CE45}.Release|x86.Build.0 = Release|Any CPU
		{E84A8278-60CC-4B21-8326-B1A0EC3D1801}.Ad-Hoc|Any CPU.ActiveCfg = Release|Any CPU
		{E84A8278-60CC-4B21-8326-B1A0EC3D1801}.Ad-Hoc|Any CPU.Build.0 = Release|Any CPU
		{E84A8278-60CC-4B21-8326-B1A0EC3D1801}.Ad-Hoc|ARM.ActiveCfg = Release|Any CPU
		{E84A8278-60CC-4B21-8326-B1A0EC3D1801}.Ad-Hoc|ARM.Build.0 = Release|Any CPU
		{E84A8278-60CC-4B21-8326-B1A0EC3D1801}.Ad-Hoc|iPhone.ActiveCfg = Release|Any CPU
		{E84A8278-60CC-4B21-8326-B1A0EC3D1801}.Ad-Hoc|iPhone.Build.0 = Release|Any CPU
		{E84A8278-60CC-4B21-8326-B1A0EC3D1801}.Ad-Hoc|iPhoneSimulator.ActiveCfg = Release|Any CPU
		{E84A8278-60CC-4B21-8326-B1A0EC3D1801}.Ad-Hoc|iPhoneSimulator.Build.0 = Release|Any CPU
		{E84A8278-60CC-4B21-8326-B1A0EC3D1801}.Ad-Hoc|x64.ActiveCfg = Release|Any CPU
		{E84A8278-60CC-4B21-8326-B1A0EC3D1801}.Ad-Hoc|x64.Build.0 = Release|Any CPU
		{E84A8278-60CC-4B21-8326-B1A0EC3D1801}.Ad-Hoc|x86.ActiveCfg = Release|Any CPU
		{E84A8278-60CC-4B21-8326-B1A0EC3D1801}.Ad-Hoc|x86.Build.0 = Release|Any CPU
		{E84A8278-60CC-4B21-8326-B1A0EC3D1801}.AppStore|Any CPU.ActiveCfg = Release|Any CPU
		{E84A8278-60CC-4B21-8326-B1A0EC3D1801}.AppStore|Any CPU.Build.0 = Release|Any CPU
		{E84A8278-60CC-4B21-8326-B1A0EC3D1801}.AppStore|ARM.ActiveCfg = Release|Any CPU
		{E84A8278-60CC-4B21-8326-B1A0EC3D1801}.AppStore|ARM.Build.0 = Release|Any CPU
		{E84A8278-60CC-4B21-8326-B1A0EC3D1801}.AppStore|iPhone.ActiveCfg = Release|Any CPU
		{E84A8278-60CC-4B21-8326-B1A0EC3D1801}.AppStore|iPhone.Build.0 = Release|Any CPU
		{E84A8278-60CC-4B21-8326-B1A0EC3D1801}.AppStore|iPhoneSimulator.ActiveCfg = Release|Any CPU
		{E84A8278-60CC-4B21-8326-B1A0EC3D1801}.AppStore|iPhoneSimulator.Build.0 = Release|Any CPU
		{E84A8278-60CC-4B21-8326-B1A0EC3D1801}.AppStore|x64.ActiveCfg = Release|Any CPU
		{E84A8278-60CC-4B21-8326-B1A0EC3D1801}.AppStore|x64.Build.0 = Release|Any CPU
		{E84A8278-60CC-4B21-8326-B1A0EC3D1801}.AppStore|x86.ActiveCfg = Release|Any CPU
		{E84A8278-60CC-4B21-8326-B1A0EC3D1801}.AppStore|x86.Build.0 = Release|Any CPU
		{E84A8278-60CC-4B21-8326-B1A0EC3D1801}.Debug|Any CPU.ActiveCfg = Debug|Any CPU
		{E84A8278-60CC-4B21-8326-B1A0EC3D1801}.Debug|Any CPU.Build.0 = Debug|Any CPU
		{E84A8278-60CC-4B21-8326-B1A0EC3D1801}.Debug|ARM.ActiveCfg = Debug|Any CPU
		{E84A8278-60CC-4B21-8326-B1A0EC3D1801}.Debug|ARM.Build.0 = Debug|Any CPU
		{E84A8278-60CC-4B21-8326-B1A0EC3D1801}.Debug|iPhone.ActiveCfg = Debug|Any CPU
		{E84A8278-60CC-4B21-8326-B1A0EC3D1801}.Debug|iPhoneSimulator.ActiveCfg = Debug|Any CPU
		{E84A8278-60CC-4B21-8326-B1A0EC3D1801}.Debug|iPhoneSimulator.Build.0 = Debug|Any CPU
		{E84A8278-60CC-4B21-8326-B1A0EC3D1801}.Debug|x64.ActiveCfg = Debug|Any CPU
		{E84A8278-60CC-4B21-8326-B1A0EC3D1801}.Debug|x64.Build.0 = Debug|Any CPU
		{E84A8278-60CC-4B21-8326-B1A0EC3D1801}.Debug|x86.ActiveCfg = Debug|Any CPU
		{E84A8278-60CC-4B21-8326-B1A0EC3D1801}.Debug|x86.Build.0 = Debug|Any CPU
		{E84A8278-60CC-4B21-8326-B1A0EC3D1801}.Release|Any CPU.ActiveCfg = Release|Any CPU
		{E84A8278-60CC-4B21-8326-B1A0EC3D1801}.Release|Any CPU.Build.0 = Release|Any CPU
		{E84A8278-60CC-4B21-8326-B1A0EC3D1801}.Release|ARM.ActiveCfg = Release|Any CPU
		{E84A8278-60CC-4B21-8326-B1A0EC3D1801}.Release|ARM.Build.0 = Release|Any CPU
		{E84A8278-60CC-4B21-8326-B1A0EC3D1801}.Release|iPhone.ActiveCfg = Release|Any CPU
		{E84A8278-60CC-4B21-8326-B1A0EC3D1801}.Release|iPhone.Build.0 = Release|Any CPU
		{E84A8278-60CC-4B21-8326-B1A0EC3D1801}.Release|iPhoneSimulator.ActiveCfg = Release|Any CPU
		{E84A8278-60CC-4B21-8326-B1A0EC3D1801}.Release|iPhoneSimulator.Build.0 = Release|Any CPU
		{E84A8278-60CC-4B21-8326-B1A0EC3D1801}.Release|x64.ActiveCfg = Release|Any CPU
		{E84A8278-60CC-4B21-8326-B1A0EC3D1801}.Release|x64.Build.0 = Release|Any CPU
		{E84A8278-60CC-4B21-8326-B1A0EC3D1801}.Release|x86.ActiveCfg = Release|Any CPU
		{E84A8278-60CC-4B21-8326-B1A0EC3D1801}.Release|x86.Build.0 = Release|Any CPU
	EndGlobalSection
	GlobalSection(SolutionProperties) = preSolution
		HideSolutionNode = FALSE
	EndGlobalSection
EndGlobal
