
Microsoft Visual Studio Solution File, Format Version 12.00
# Visual Studio 15
VisualStudioVersion = 15.0.26228.9
MinimumVisualStudioVersion = 10.0.40219.1
Project("{2150E333-8FDC-42A3-9474-1A3956D46DE8}") = "Solution Items", "Solution Items", "{CB45572F-4288-4D54-98BB-B2807C2A8C54}"
	ProjectSection(SolutionItems) = preProject
		icon.png = icon.png
		LICENSE.md = LICENSE.md
		nuget.exe = nuget.exe
		push.cmd = push.cmd
	EndProjectSection
EndProject
Project("{9A19103F-16F7-4668-BE54-9A1E7A4F7556}") = "Plugin.BleGattServer", "Plugin.BleGattServer\Plugin.BleGattServer.csproj", "{61470AAC-E055-44D8-A649-2E0CFD8C28BD}"
EndProject
Project("{2150E333-8FDC-42A3-9474-1A3956D46DE8}") = "docs", "docs", "{3579BFA2-7091-4C81-9E54-D8EA65E6F664}"
	ProjectSection(SolutionItems) = preProject
		docs\advertising.md = docs\advertising.md
		docs\changelog.md = docs\changelog.md
		docs\characteristics.md = docs\characteristics.md
		docs\descriptors.md = docs\descriptors.md
		docs\faq.md = docs\faq.md
		readme.md = readme.md
		docs\services.md = docs\services.md
	EndProjectSection
EndProject
Project("{D954291E-2A0B-460D-934E-DC6B0785DB48}") = "Sample", "Sample\Sample\Sample.shproj", "{6EE38AD7-A748-4DF6-B2AE-8DA5EBE0ED68}"
EndProject
Project("{FAE04EC0-301F-11D3-BF4B-00C04F79EFBC}") = "Sample.Droid", "Sample\Sample.Droid\Sample.Droid.csproj", "{2BE99D13-4D7B-4D4F-80E3-D9792D4CEAEC}"
EndProject
Project("{FAE04EC0-301F-11D3-BF4B-00C04F79EFBC}") = "Sample.iOS", "Sample\Sample.iOS\Sample.iOS.csproj", "{FEE6E4A3-C5DC-4742-8AC0-0ACB2DDA721C}"
EndProject
Project("{FAE04EC0-301F-11D3-BF4B-00C04F79EFBC}") = "Sample.Uwp", "Sample\Sample.UWP\Sample.Uwp.csproj", "{6ED7A633-FF4E-4A86-91B9-BE95D626B767}"
EndProject
Project("{2150E333-8FDC-42A3-9474-1A3956D46DE8}") = "plugin", "plugin", "{A9C756B6-E854-4631-AC46-BF46CBD51A60}"
EndProject
Global
	GlobalSection(SharedMSBuildProjectFiles) = preSolution
		Sample\Sample\Sample.projitems*{2be99d13-4d7b-4d4f-80e3-d9792d4ceaec}*SharedItemsImports = 4
		Plugin.BleGattServer.Shared\Plugin.BleGattServer.Shared.projitems*{61470aac-e055-44d8-a649-2e0cfd8c28bd}*SharedItemsImports = 4
		Sample\Sample\Sample.projitems*{6ed7a633-ff4e-4a86-91b9-be95d626b767}*SharedItemsImports = 4
		Sample\Sample\Sample.projitems*{6ee38ad7-a748-4df6-b2ae-8da5ebe0ed68}*SharedItemsImports = 13
		Sample\Sample\Sample.projitems*{fee6e4a3-c5dc-4742-8ac0-0acb2dda721c}*SharedItemsImports = 4
	EndGlobalSection
	GlobalSection(SolutionConfigurationPlatforms) = preSolution
		Ad-Hoc|Any CPU = Ad-Hoc|Any CPU
		Ad-Hoc|ARM = Ad-Hoc|ARM
		Ad-Hoc|iPhone = Ad-Hoc|iPhone
		Ad-Hoc|iPhoneSimulator = Ad-Hoc|iPhoneSimulator
		Ad-Hoc|x64 = Ad-Hoc|x64
		Ad-Hoc|x86 = Ad-Hoc|x86
		AppStore|Any CPU = AppStore|Any CPU
		AppStore|ARM = AppStore|ARM
		AppStore|iPhone = AppStore|iPhone
		AppStore|iPhoneSimulator = AppStore|iPhoneSimulator
		AppStore|x64 = AppStore|x64
		AppStore|x86 = AppStore|x86
		Debug|Any CPU = Debug|Any CPU
		Debug|ARM = Debug|ARM
		Debug|iPhone = Debug|iPhone
		Debug|iPhoneSimulator = Debug|iPhoneSimulator
		Debug|x64 = Debug|x64
		Debug|x86 = Debug|x86
		Release|Any CPU = Release|Any CPU
		Release|ARM = Release|ARM
		Release|iPhone = Release|iPhone
		Release|iPhoneSimulator = Release|iPhoneSimulator
		Release|x64 = Release|x64
		Release|x86 = Release|x86
	EndGlobalSection
	GlobalSection(ProjectConfigurationPlatforms) = postSolution
		{61470AAC-E055-44D8-A649-2E0CFD8C28BD}.Ad-Hoc|Any CPU.ActiveCfg = Release|Any CPU
		{61470AAC-E055-44D8-A649-2E0CFD8C28BD}.Ad-Hoc|Any CPU.Build.0 = Release|Any CPU
		{61470AAC-E055-44D8-A649-2E0CFD8C28BD}.Ad-Hoc|ARM.ActiveCfg = Release|Any CPU
		{61470AAC-E055-44D8-A649-2E0CFD8C28BD}.Ad-Hoc|ARM.Build.0 = Release|Any CPU
		{61470AAC-E055-44D8-A649-2E0CFD8C28BD}.Ad-Hoc|iPhone.ActiveCfg = Release|Any CPU
		{61470AAC-E055-44D8-A649-2E0CFD8C28BD}.Ad-Hoc|iPhone.Build.0 = Release|Any CPU
		{61470AAC-E055-44D8-A649-2E0CFD8C28BD}.Ad-Hoc|iPhoneSimulator.ActiveCfg = Release|Any CPU
		{61470AAC-E055-44D8-A649-2E0CFD8C28BD}.Ad-Hoc|iPhoneSimulator.Build.0 = Release|Any CPU
		{61470AAC-E055-44D8-A649-2E0CFD8C28BD}.Ad-Hoc|x64.ActiveCfg = Release|Any CPU
		{61470AAC-E055-44D8-A649-2E0CFD8C28BD}.Ad-Hoc|x64.Build.0 = Release|Any CPU
		{61470AAC-E055-44D8-A649-2E0CFD8C28BD}.Ad-Hoc|x86.ActiveCfg = Release|Any CPU
		{61470AAC-E055-44D8-A649-2E0CFD8C28BD}.Ad-Hoc|x86.Build.0 = Release|Any CPU
		{61470AAC-E055-44D8-A649-2E0CFD8C28BD}.AppStore|Any CPU.ActiveCfg = Release|Any CPU
		{61470AAC-E055-44D8-A649-2E0CFD8C28BD}.AppStore|Any CPU.Build.0 = Release|Any CPU
		{61470AAC-E055-44D8-A649-2E0CFD8C28BD}.AppStore|ARM.ActiveCfg = Release|Any CPU
		{61470AAC-E055-44D8-A649-2E0CFD8C28BD}.AppStore|ARM.Build.0 = Release|Any CPU
		{61470AAC-E055-44D8-A649-2E0CFD8C28BD}.AppStore|iPhone.ActiveCfg = Release|Any CPU
		{61470AAC-E055-44D8-A649-2E0CFD8C28BD}.AppStore|iPhone.Build.0 = Release|Any CPU
		{61470AAC-E055-44D8-A649-2E0CFD8C28BD}.AppStore|iPhoneSimulator.ActiveCfg = Release|Any CPU
		{61470AAC-E055-44D8-A649-2E0CFD8C28BD}.AppStore|iPhoneSimulator.Build.0 = Release|Any CPU
		{61470AAC-E055-44D8-A649-2E0CFD8C28BD}.AppStore|x64.ActiveCfg = Release|Any CPU
		{61470AAC-E055-44D8-A649-2E0CFD8C28BD}.AppStore|x64.Build.0 = Release|Any CPU
		{61470AAC-E055-44D8-A649-2E0CFD8C28BD}.AppStore|x86.ActiveCfg = Release|Any CPU
		{61470AAC-E055-44D8-A649-2E0CFD8C28BD}.AppStore|x86.Build.0 = Release|Any CPU
		{61470AAC-E055-44D8-A649-2E0CFD8C28BD}.Debug|Any CPU.ActiveCfg = Debug|Any CPU
		{61470AAC-E055-44D8-A649-2E0CFD8C28BD}.Debug|Any CPU.Build.0 = Debug|Any CPU
		{61470AAC-E055-44D8-A649-2E0CFD8C28BD}.Debug|ARM.ActiveCfg = Debug|Any CPU
		{61470AAC-E055-44D8-A649-2E0CFD8C28BD}.Debug|ARM.Build.0 = Debug|Any CPU
		{61470AAC-E055-44D8-A649-2E0CFD8C28BD}.Debug|iPhone.ActiveCfg = Debug|Any CPU
		{61470AAC-E055-44D8-A649-2E0CFD8C28BD}.Debug|iPhoneSimulator.ActiveCfg = Debug|Any CPU
		{61470AAC-E055-44D8-A649-2E0CFD8C28BD}.Debug|iPhoneSimulator.Build.0 = Debug|Any CPU
		{61470AAC-E055-44D8-A649-2E0CFD8C28BD}.Debug|x64.ActiveCfg = Debug|Any CPU
		{61470AAC-E055-44D8-A649-2E0CFD8C28BD}.Debug|x64.Build.0 = Debug|Any CPU
		{61470AAC-E055-44D8-A649-2E0CFD8C28BD}.Debug|x86.ActiveCfg = Debug|Any CPU
		{61470AAC-E055-44D8-A649-2E0CFD8C28BD}.Debug|x86.Build.0 = Debug|Any CPU
		{61470AAC-E055-44D8-A649-2E0CFD8C28BD}.Release|Any CPU.ActiveCfg = Release|Any CPU
		{61470AAC-E055-44D8-A649-2E0CFD8C28BD}.Release|Any CPU.Build.0 = Release|Any CPU
		{61470AAC-E055-44D8-A649-2E0CFD8C28BD}.Release|ARM.ActiveCfg = Release|Any CPU
		{61470AAC-E055-44D8-A649-2E0CFD8C28BD}.Release|ARM.Build.0 = Release|Any CPU
		{61470AAC-E055-44D8-A649-2E0CFD8C28BD}.Release|iPhone.ActiveCfg = Release|Any CPU
		{61470AAC-E055-44D8-A649-2E0CFD8C28BD}.Release|iPhone.Build.0 = Release|Any CPU
		{61470AAC-E055-44D8-A649-2E0CFD8C28BD}.Release|iPhoneSimulator.ActiveCfg = Release|Any CPU
		{61470AAC-E055-44D8-A649-2E0CFD8C28BD}.Release|iPhoneSimulator.Build.0 = Release|Any CPU
		{61470AAC-E055-44D8-A649-2E0CFD8C28BD}.Release|x64.ActiveCfg = Release|Any CPU
		{61470AAC-E055-44D8-A649-2E0CFD8C28BD}.Release|x64.Build.0 = Release|Any CPU
		{61470AAC-E055-44D8-A649-2E0CFD8C28BD}.Release|x86.ActiveCfg = Release|Any CPU
		{61470AAC-E055-44D8-A649-2E0CFD8C28BD}.Release|x86.Build.0 = Release|Any CPU
		{2BE99D13-4D7B-4D4F-80E3-D9792D4CEAEC}.Ad-Hoc|Any CPU.ActiveCfg = Release|Any CPU
		{2BE99D13-4D7B-4D4F-80E3-D9792D4CEAEC}.Ad-Hoc|Any CPU.Build.0 = Release|Any CPU
		{2BE99D13-4D7B-4D4F-80E3-D9792D4CEAEC}.Ad-Hoc|Any CPU.Deploy.0 = Release|Any CPU
		{2BE99D13-4D7B-4D4F-80E3-D9792D4CEAEC}.Ad-Hoc|ARM.ActiveCfg = Release|Any CPU
		{2BE99D13-4D7B-4D4F-80E3-D9792D4CEAEC}.Ad-Hoc|ARM.Build.0 = Release|Any CPU
		{2BE99D13-4D7B-4D4F-80E3-D9792D4CEAEC}.Ad-Hoc|ARM.Deploy.0 = Release|Any CPU
		{2BE99D13-4D7B-4D4F-80E3-D9792D4CEAEC}.Ad-Hoc|iPhone.ActiveCfg = Release|Any CPU
		{2BE99D13-4D7B-4D4F-80E3-D9792D4CEAEC}.Ad-Hoc|iPhone.Build.0 = Release|Any CPU
		{2BE99D13-4D7B-4D4F-80E3-D9792D4CEAEC}.Ad-Hoc|iPhone.Deploy.0 = Release|Any CPU
		{2BE99D13-4D7B-4D4F-80E3-D9792D4CEAEC}.Ad-Hoc|iPhoneSimulator.ActiveCfg = Release|Any CPU
		{2BE99D13-4D7B-4D4F-80E3-D9792D4CEAEC}.Ad-Hoc|iPhoneSimulator.Build.0 = Release|Any CPU
		{2BE99D13-4D7B-4D4F-80E3-D9792D4CEAEC}.Ad-Hoc|iPhoneSimulator.Deploy.0 = Release|Any CPU
		{2BE99D13-4D7B-4D4F-80E3-D9792D4CEAEC}.Ad-Hoc|x64.ActiveCfg = Release|Any CPU
		{2BE99D13-4D7B-4D4F-80E3-D9792D4CEAEC}.Ad-Hoc|x64.Build.0 = Release|Any CPU
		{2BE99D13-4D7B-4D4F-80E3-D9792D4CEAEC}.Ad-Hoc|x64.Deploy.0 = Release|Any CPU
		{2BE99D13-4D7B-4D4F-80E3-D9792D4CEAEC}.Ad-Hoc|x86.ActiveCfg = Release|Any CPU
		{2BE99D13-4D7B-4D4F-80E3-D9792D4CEAEC}.Ad-Hoc|x86.Build.0 = Release|Any CPU
		{2BE99D13-4D7B-4D4F-80E3-D9792D4CEAEC}.Ad-Hoc|x86.Deploy.0 = Release|Any CPU
		{2BE99D13-4D7B-4D4F-80E3-D9792D4CEAEC}.AppStore|Any CPU.ActiveCfg = Release|Any CPU
		{2BE99D13-4D7B-4D4F-80E3-D9792D4CEAEC}.AppStore|Any CPU.Build.0 = Release|Any CPU
		{2BE99D13-4D7B-4D4F-80E3-D9792D4CEAEC}.AppStore|Any CPU.Deploy.0 = Release|Any CPU
		{2BE99D13-4D7B-4D4F-80E3-D9792D4CEAEC}.AppStore|ARM.ActiveCfg = Release|Any CPU
		{2BE99D13-4D7B-4D4F-80E3-D9792D4CEAEC}.AppStore|ARM.Build.0 = Release|Any CPU
		{2BE99D13-4D7B-4D4F-80E3-D9792D4CEAEC}.AppStore|ARM.Deploy.0 = Release|Any CPU
		{2BE99D13-4D7B-4D4F-80E3-D9792D4CEAEC}.AppStore|iPhone.ActiveCfg = Release|Any CPU
		{2BE99D13-4D7B-4D4F-80E3-D9792D4CEAEC}.AppStore|iPhone.Build.0 = Release|Any CPU
		{2BE99D13-4D7B-4D4F-80E3-D9792D4CEAEC}.AppStore|iPhone.Deploy.0 = Release|Any CPU
		{2BE99D13-4D7B-4D4F-80E3-D9792D4CEAEC}.AppStore|iPhoneSimulator.ActiveCfg = Release|Any CPU
		{2BE99D13-4D7B-4D4F-80E3-D9792D4CEAEC}.AppStore|iPhoneSimulator.Build.0 = Release|Any CPU
		{2BE99D13-4D7B-4D4F-80E3-D9792D4CEAEC}.AppStore|iPhoneSimulator.Deploy.0 = Release|Any CPU
		{2BE99D13-4D7B-4D4F-80E3-D9792D4CEAEC}.AppStore|x64.ActiveCfg = Release|Any CPU
		{2BE99D13-4D7B-4D4F-80E3-D9792D4CEAEC}.AppStore|x64.Build.0 = Release|Any CPU
		{2BE99D13-4D7B-4D4F-80E3-D9792D4CEAEC}.AppStore|x64.Deploy.0 = Release|Any CPU
		{2BE99D13-4D7B-4D4F-80E3-D9792D4CEAEC}.AppStore|x86.ActiveCfg = Release|Any CPU
		{2BE99D13-4D7B-4D4F-80E3-D9792D4CEAEC}.AppStore|x86.Build.0 = Release|Any CPU
		{2BE99D13-4D7B-4D4F-80E3-D9792D4CEAEC}.AppStore|x86.Deploy.0 = Release|Any CPU
		{2BE99D13-4D7B-4D4F-80E3-D9792D4CEAEC}.Debug|Any CPU.ActiveCfg = Debug|Any CPU
		{2BE99D13-4D7B-4D4F-80E3-D9792D4CEAEC}.Debug|Any CPU.Build.0 = Debug|Any CPU
		{2BE99D13-4D7B-4D4F-80E3-D9792D4CEAEC}.Debug|Any CPU.Deploy.0 = Debug|Any CPU
		{2BE99D13-4D7B-4D4F-80E3-D9792D4CEAEC}.Debug|ARM.ActiveCfg = Debug|Any CPU
		{2BE99D13-4D7B-4D4F-80E3-D9792D4CEAEC}.Debug|ARM.Build.0 = Debug|Any CPU
		{2BE99D13-4D7B-4D4F-80E3-D9792D4CEAEC}.Debug|ARM.Deploy.0 = Debug|Any CPU
		{2BE99D13-4D7B-4D4F-80E3-D9792D4CEAEC}.Debug|iPhone.ActiveCfg = Debug|Any CPU
		{2BE99D13-4D7B-4D4F-80E3-D9792D4CEAEC}.Debug|iPhone.Build.0 = Debug|Any CPU
		{2BE99D13-4D7B-4D4F-80E3-D9792D4CEAEC}.Debug|iPhone.Deploy.0 = Debug|Any CPU
		{2BE99D13-4D7B-4D4F-80E3-D9792D4CEAEC}.Debug|iPhoneSimulator.ActiveCfg = Debug|Any CPU
		{2BE99D13-4D7B-4D4F-80E3-D9792D4CEAEC}.Debug|iPhoneSimulator.Build.0 = Debug|Any CPU
		{2BE99D13-4D7B-4D4F-80E3-D9792D4CEAEC}.Debug|iPhoneSimulator.Deploy.0 = Debug|Any CPU
		{2BE99D13-4D7B-4D4F-80E3-D9792D4CEAEC}.Debug|x64.ActiveCfg = Debug|Any CPU
		{2BE99D13-4D7B-4D4F-80E3-D9792D4CEAEC}.Debug|x64.Build.0 = Debug|Any CPU
		{2BE99D13-4D7B-4D4F-80E3-D9792D4CEAEC}.Debug|x64.Deploy.0 = Debug|Any CPU
		{2BE99D13-4D7B-4D4F-80E3-D9792D4CEAEC}.Debug|x86.ActiveCfg = Debug|Any CPU
		{2BE99D13-4D7B-4D4F-80E3-D9792D4CEAEC}.Debug|x86.Build.0 = Debug|Any CPU
		{2BE99D13-4D7B-4D4F-80E3-D9792D4CEAEC}.Debug|x86.Deploy.0 = Debug|Any CPU
		{2BE99D13-4D7B-4D4F-80E3-D9792D4CEAEC}.Release|Any CPU.ActiveCfg = Release|Any CPU
		{2BE99D13-4D7B-4D4F-80E3-D9792D4CEAEC}.Release|Any CPU.Build.0 = Release|Any CPU
		{2BE99D13-4D7B-4D4F-80E3-D9792D4CEAEC}.Release|Any CPU.Deploy.0 = Release|Any CPU
		{2BE99D13-4D7B-4D4F-80E3-D9792D4CEAEC}.Release|ARM.ActiveCfg = Release|Any CPU
		{2BE99D13-4D7B-4D4F-80E3-D9792D4CEAEC}.Release|ARM.Build.0 = Release|Any CPU
		{2BE99D13-4D7B-4D4F-80E3-D9792D4CEAEC}.Release|ARM.Deploy.0 = Release|Any CPU
		{2BE99D13-4D7B-4D4F-80E3-D9792D4CEAEC}.Release|iPhone.ActiveCfg = Release|Any CPU
		{2BE99D13-4D7B-4D4F-80E3-D9792D4CEAEC}.Release|iPhone.Build.0 = Release|Any CPU
		{2BE99D13-4D7B-4D4F-80E3-D9792D4CEAEC}.Release|iPhone.Deploy.0 = Release|Any CPU
		{2BE99D13-4D7B-4D4F-80E3-D9792D4CEAEC}.Release|iPhoneSimulator.ActiveCfg = Release|Any CPU
		{2BE99D13-4D7B-4D4F-80E3-D9792D4CEAEC}.Release|iPhoneSimulator.Build.0 = Release|Any CPU
		{2BE99D13-4D7B-4D4F-80E3-D9792D4CEAEC}.Release|iPhoneSimulator.Deploy.0 = Release|Any CPU
		{2BE99D13-4D7B-4D4F-80E3-D9792D4CEAEC}.Release|x64.ActiveCfg = Release|Any CPU
		{2BE99D13-4D7B-4D4F-80E3-D9792D4CEAEC}.Release|x64.Build.0 = Release|Any CPU
		{2BE99D13-4D7B-4D4F-80E3-D9792D4CEAEC}.Release|x64.Deploy.0 = Release|Any CPU
		{2BE99D13-4D7B-4D4F-80E3-D9792D4CEAEC}.Release|x86.ActiveCfg = Release|Any CPU
		{2BE99D13-4D7B-4D4F-80E3-D9792D4CEAEC}.Release|x86.Build.0 = Release|Any CPU
		{2BE99D13-4D7B-4D4F-80E3-D9792D4CEAEC}.Release|x86.Deploy.0 = Release|Any CPU
		{FEE6E4A3-C5DC-4742-8AC0-0ACB2DDA721C}.Ad-Hoc|Any CPU.ActiveCfg = Ad-Hoc|iPhone
		{FEE6E4A3-C5DC-4742-8AC0-0ACB2DDA721C}.Ad-Hoc|ARM.ActiveCfg = Ad-Hoc|iPhone
		{FEE6E4A3-C5DC-4742-8AC0-0ACB2DDA721C}.Ad-Hoc|iPhone.ActiveCfg = Ad-Hoc|iPhone
		{FEE6E4A3-C5DC-4742-8AC0-0ACB2DDA721C}.Ad-Hoc|iPhone.Build.0 = Ad-Hoc|iPhone
		{FEE6E4A3-C5DC-4742-8AC0-0ACB2DDA721C}.Ad-Hoc|iPhoneSimulator.ActiveCfg = Ad-Hoc|iPhoneSimulator
		{FEE6E4A3-C5DC-4742-8AC0-0ACB2DDA721C}.Ad-Hoc|iPhoneSimulator.Build.0 = Ad-Hoc|iPhoneSimulator
		{FEE6E4A3-C5DC-4742-8AC0-0ACB2DDA721C}.Ad-Hoc|x64.ActiveCfg = Ad-Hoc|iPhone
		{FEE6E4A3-C5DC-4742-8AC0-0ACB2DDA721C}.Ad-Hoc|x86.ActiveCfg = Ad-Hoc|iPhone
		{FEE6E4A3-C5DC-4742-8AC0-0ACB2DDA721C}.AppStore|Any CPU.ActiveCfg = AppStore|iPhone
		{FEE6E4A3-C5DC-4742-8AC0-0ACB2DDA721C}.AppStore|ARM.ActiveCfg = AppStore|iPhone
		{FEE6E4A3-C5DC-4742-8AC0-0ACB2DDA721C}.AppStore|iPhone.ActiveCfg = AppStore|iPhone
		{FEE6E4A3-C5DC-4742-8AC0-0ACB2DDA721C}.AppStore|iPhone.Build.0 = AppStore|iPhone
		{FEE6E4A3-C5DC-4742-8AC0-0ACB2DDA721C}.AppStore|iPhoneSimulator.ActiveCfg = AppStore|iPhoneSimulator
		{FEE6E4A3-C5DC-4742-8AC0-0ACB2DDA721C}.AppStore|iPhoneSimulator.Build.0 = AppStore|iPhoneSimulator
		{FEE6E4A3-C5DC-4742-8AC0-0ACB2DDA721C}.AppStore|x64.ActiveCfg = AppStore|iPhone
		{FEE6E4A3-C5DC-4742-8AC0-0ACB2DDA721C}.AppStore|x86.ActiveCfg = AppStore|iPhone
		{FEE6E4A3-C5DC-4742-8AC0-0ACB2DDA721C}.Debug|Any CPU.ActiveCfg = Debug|iPhone
		{FEE6E4A3-C5DC-4742-8AC0-0ACB2DDA721C}.Debug|ARM.ActiveCfg = Debug|iPhone
		{FEE6E4A3-C5DC-4742-8AC0-0ACB2DDA721C}.Debug|iPhone.ActiveCfg = Debug|iPhone
		{FEE6E4A3-C5DC-4742-8AC0-0ACB2DDA721C}.Debug|iPhone.Build.0 = Debug|iPhone
		{FEE6E4A3-C5DC-4742-8AC0-0ACB2DDA721C}.Debug|iPhoneSimulator.ActiveCfg = Debug|iPhoneSimulator
		{FEE6E4A3-C5DC-4742-8AC0-0ACB2DDA721C}.Debug|iPhoneSimulator.Build.0 = Debug|iPhoneSimulator
		{FEE6E4A3-C5DC-4742-8AC0-0ACB2DDA721C}.Debug|x64.ActiveCfg = Debug|iPhone
		{FEE6E4A3-C5DC-4742-8AC0-0ACB2DDA721C}.Debug|x86.ActiveCfg = Debug|iPhone
		{FEE6E4A3-C5DC-4742-8AC0-0ACB2DDA721C}.Release|Any CPU.ActiveCfg = Release|iPhone
		{FEE6E4A3-C5DC-4742-8AC0-0ACB2DDA721C}.Release|ARM.ActiveCfg = Release|iPhone
		{FEE6E4A3-C5DC-4742-8AC0-0ACB2DDA721C}.Release|iPhone.ActiveCfg = Release|iPhone
		{FEE6E4A3-C5DC-4742-8AC0-0ACB2DDA721C}.Release|iPhone.Build.0 = Release|iPhone
		{FEE6E4A3-C5DC-4742-8AC0-0ACB2DDA721C}.Release|iPhoneSimulator.ActiveCfg = Release|iPhoneSimulator
		{FEE6E4A3-C5DC-4742-8AC0-0ACB2DDA721C}.Release|iPhoneSimulator.Build.0 = Release|iPhoneSimulator
		{FEE6E4A3-C5DC-4742-8AC0-0ACB2DDA721C}.Release|x64.ActiveCfg = Release|iPhone
		{FEE6E4A3-C5DC-4742-8AC0-0ACB2DDA721C}.Release|x86.ActiveCfg = Release|iPhone
		{6ED7A633-FF4E-4A86-91B9-BE95D626B767}.Ad-Hoc|Any CPU.ActiveCfg = Release|x64
		{6ED7A633-FF4E-4A86-91B9-BE95D626B767}.Ad-Hoc|Any CPU.Build.0 = Release|x64
		{6ED7A633-FF4E-4A86-91B9-BE95D626B767}.Ad-Hoc|Any CPU.Deploy.0 = Release|x64
		{6ED7A633-FF4E-4A86-91B9-BE95D626B767}.Ad-Hoc|ARM.ActiveCfg = Release|ARM
		{6ED7A633-FF4E-4A86-91B9-BE95D626B767}.Ad-Hoc|ARM.Build.0 = Release|ARM
		{6ED7A633-FF4E-4A86-91B9-BE95D626B767}.Ad-Hoc|ARM.Deploy.0 = Release|ARM
		{6ED7A633-FF4E-4A86-91B9-BE95D626B767}.Ad-Hoc|iPhone.ActiveCfg = Release|x64
		{6ED7A633-FF4E-4A86-91B9-BE95D626B767}.Ad-Hoc|iPhone.Build.0 = Release|x64
		{6ED7A633-FF4E-4A86-91B9-BE95D626B767}.Ad-Hoc|iPhone.Deploy.0 = Release|x64
		{6ED7A633-FF4E-4A86-91B9-BE95D626B767}.Ad-Hoc|iPhoneSimulator.ActiveCfg = Release|x64
		{6ED7A633-FF4E-4A86-91B9-BE95D626B767}.Ad-Hoc|iPhoneSimulator.Build.0 = Release|x64
		{6ED7A633-FF4E-4A86-91B9-BE95D626B767}.Ad-Hoc|iPhoneSimulator.Deploy.0 = Release|x64
		{6ED7A633-FF4E-4A86-91B9-BE95D626B767}.Ad-Hoc|x64.ActiveCfg = Release|x64
		{6ED7A633-FF4E-4A86-91B9-BE95D626B767}.Ad-Hoc|x64.Build.0 = Release|x64
		{6ED7A633-FF4E-4A86-91B9-BE95D626B767}.Ad-Hoc|x64.Deploy.0 = Release|x64
		{6ED7A633-FF4E-4A86-91B9-BE95D626B767}.Ad-Hoc|x86.ActiveCfg = Release|x86
		{6ED7A633-FF4E-4A86-91B9-BE95D626B767}.Ad-Hoc|x86.Build.0 = Release|x86
		{6ED7A633-FF4E-4A86-91B9-BE95D626B767}.Ad-Hoc|x86.Deploy.0 = Release|x86
		{6ED7A633-FF4E-4A86-91B9-BE95D626B767}.AppStore|Any CPU.ActiveCfg = Release|x64
		{6ED7A633-FF4E-4A86-91B9-BE95D626B767}.AppStore|Any CPU.Build.0 = Release|x64
		{6ED7A633-FF4E-4A86-91B9-BE95D626B767}.AppStore|Any CPU.Deploy.0 = Release|x64
		{6ED7A633-FF4E-4A86-91B9-BE95D626B767}.AppStore|ARM.ActiveCfg = Release|ARM
		{6ED7A633-FF4E-4A86-91B9-BE95D626B767}.AppStore|ARM.Build.0 = Release|ARM
		{6ED7A633-FF4E-4A86-91B9-BE95D626B767}.AppStore|ARM.Deploy.0 = Release|ARM
		{6ED7A633-FF4E-4A86-91B9-BE95D626B767}.AppStore|iPhone.ActiveCfg = Release|x64
		{6ED7A633-FF4E-4A86-91B9-BE95D626B767}.AppStore|iPhone.Build.0 = Release|x64
		{6ED7A633-FF4E-4A86-91B9-BE95D626B767}.AppStore|iPhone.Deploy.0 = Release|x64
		{6ED7A633-FF4E-4A86-91B9-BE95D626B767}.AppStore|iPhoneSimulator.ActiveCfg = Release|x64
		{6ED7A633-FF4E-4A86-91B9-BE95D626B767}.AppStore|iPhoneSimulator.Build.0 = Release|x64
		{6ED7A633-FF4E-4A86-91B9-BE95D626B767}.AppStore|iPhoneSimulator.Deploy.0 = Release|x64
		{6ED7A633-FF4E-4A86-91B9-BE95D626B767}.AppStore|x64.ActiveCfg = Release|x64
		{6ED7A633-FF4E-4A86-91B9-BE95D626B767}.AppStore|x64.Build.0 = Release|x64
		{6ED7A633-FF4E-4A86-91B9-BE95D626B767}.AppStore|x64.Deploy.0 = Release|x64
		{6ED7A633-FF4E-4A86-91B9-BE95D626B767}.AppStore|x86.ActiveCfg = Release|x86
		{6ED7A633-FF4E-4A86-91B9-BE95D626B767}.AppStore|x86.Build.0 = Release|x86
		{6ED7A633-FF4E-4A86-91B9-BE95D626B767}.AppStore|x86.Deploy.0 = Release|x86
		{6ED7A633-FF4E-4A86-91B9-BE95D626B767}.Debug|Any CPU.ActiveCfg = Debug|x86
		{6ED7A633-FF4E-4A86-91B9-BE95D626B767}.Debug|ARM.ActiveCfg = Debug|ARM
		{6ED7A633-FF4E-4A86-91B9-BE95D626B767}.Debug|ARM.Build.0 = Debug|ARM
		{6ED7A633-FF4E-4A86-91B9-BE95D626B767}.Debug|ARM.Deploy.0 = Debug|ARM
		{6ED7A633-FF4E-4A86-91B9-BE95D626B767}.Debug|iPhone.ActiveCfg = Debug|x86
		{6ED7A633-FF4E-4A86-91B9-BE95D626B767}.Debug|iPhoneSimulator.ActiveCfg = Debug|x86
		{6ED7A633-FF4E-4A86-91B9-BE95D626B767}.Debug|x64.ActiveCfg = Debug|x64
		{6ED7A633-FF4E-4A86-91B9-BE95D626B767}.Debug|x64.Build.0 = Debug|x64
		{6ED7A633-FF4E-4A86-91B9-BE95D626B767}.Debug|x64.Deploy.0 = Debug|x64
		{6ED7A633-FF4E-4A86-91B9-BE95D626B767}.Debug|x86.ActiveCfg = Debug|x86
		{6ED7A633-FF4E-4A86-91B9-BE95D626B767}.Debug|x86.Build.0 = Debug|x86
		{6ED7A633-FF4E-4A86-91B9-BE95D626B767}.Debug|x86.Deploy.0 = Debug|x86
		{6ED7A633-FF4E-4A86-91B9-BE95D626B767}.Release|Any CPU.ActiveCfg = Release|x86
		{6ED7A633-FF4E-4A86-91B9-BE95D626B767}.Release|ARM.ActiveCfg = Release|ARM
		{6ED7A633-FF4E-4A86-91B9-BE95D626B767}.Release|ARM.Build.0 = Release|ARM
		{6ED7A633-FF4E-4A86-91B9-BE95D626B767}.Release|ARM.Deploy.0 = Release|ARM
		{6ED7A633-FF4E-4A86-91B9-BE95D626B767}.Release|iPhone.ActiveCfg = Release|x86
		{6ED7A633-FF4E-4A86-91B9-BE95D626B767}.Release|iPhoneSimulator.ActiveCfg = Release|x86
		{6ED7A633-FF4E-4A86-91B9-BE95D626B767}.Release|x64.ActiveCfg = Release|x64
		{6ED7A633-FF4E-4A86-91B9-BE95D626B767}.Release|x64.Build.0 = Release|x64
		{6ED7A633-FF4E-4A86-91B9-BE95D626B767}.Release|x64.Deploy.0 = Release|x64
		{6ED7A633-FF4E-4A86-91B9-BE95D626B767}.Release|x86.ActiveCfg = Release|x86
		{6ED7A633-FF4E-4A86-91B9-BE95D626B767}.Release|x86.Build.0 = Release|x86
		{6ED7A633-FF4E-4A86-91B9-BE95D626B767}.Release|x86.Deploy.0 = Release|x86
	EndGlobalSection
	GlobalSection(SolutionProperties) = preSolution
		HideSolutionNode = FALSE
	EndGlobalSection
	GlobalSection(NestedProjects) = preSolution
		{61470AAC-E055-44D8-A649-2E0CFD8C28BD} = {A9C756B6-E854-4631-AC46-BF46CBD51A60}
	EndGlobalSection
EndGlobal
