
Microsoft Visual Studio Solution File, Format Version 12.00
# Visual Studio 15
VisualStudioVersion = 15.0.26127.3
MinimumVisualStudioVersion = 10.0.40219.1
Project("{2150E333-8FDC-42A3-9474-1A3956D46DE8}") = "Solution Items", "Solution Items", "{CB45572F-4288-4D54-98BB-B2807C2A8C54}"
	ProjectSection(SolutionItems) = preProject
		build.cake = build.cake
		build.cmd = build.cmd
		LICENSE.md = LICENSE.md
		nuspec\nuget.exe = nuspec\nuget.exe
		nuspec\pack.cmd = nuspec\pack.cmd
		nuspec\Plugin.BleGattServer.nuspec = nuspec\Plugin.BleGattServer.nuspec
		nuspec\push.cmd = nuspec\push.cmd
	EndProjectSection
EndProject
Project("{9A19103F-16F7-4668-BE54-9A1E7A4F7556}") = "Plugin.BleGattServer", "Plugin.BleGattServer\Plugin.BleGattServer.csproj", "{61470AAC-E055-44D8-A649-2E0CFD8C28BD}"
EndProject
Project("{FAE04EC0-301F-11D3-BF4B-00C04F79EFBC}") = "Plugin.BleGattServer.Android", "Plugin.BleGattServer.Android\Plugin.BleGattServer.Android.csproj", "{BE07D63B-C90D-4FCF-9391-001D2406CE45}"
EndProject
Project("{FAE04EC0-301F-11D3-BF4B-00C04F79EFBC}") = "Plugin.BleGattServer.iOS", "Plugin.BleGattServer.iOS\Plugin.BleGattServer.iOS.csproj", "{E84A8278-60CC-4B21-8326-B1A0EC3D1801}"
EndProject
Project("{2150E333-8FDC-42A3-9474-1A3956D46DE8}") = "docs", "docs", "{3579BFA2-7091-4C81-9E54-D8EA65E6F664}"
	ProjectSection(SolutionItems) = preProject
		docs\advertising.md = docs\advertising.md
		docs\changelog.md = docs\changelog.md
		docs\characteristics.md = docs\characteristics.md
		docs\descriptors.md = docs\descriptors.md
		docs\faq.md = docs\faq.md
		readme.md = readme.md
		docs\services.md = docs\services.md
	EndProjectSection
EndProject
Project("{FAE04EC0-301F-11D3-BF4B-00C04F79EFBC}") = "Plugin.BleGattServer.Uwp", "Plugin.BleGattServer.Uwp\Plugin.BleGattServer.Uwp.csproj", "{C820A5C2-4323-459F-8DB6-98FCF2051B17}"
EndProject
Project("{D954291E-2A0B-460D-934E-DC6B0785DB48}") = "Plugin.BleGattServer.Shared", "Plugin.BleGattServer.Shared\Plugin.BleGattServer.Shared.shproj", "{DDE53660-94A9-474E-9788-8C86305FADD2}"
EndProject
Project("{9A19103F-16F7-4668-BE54-9A1E7A4F7556}") = "Plugin.BleGattServer.Abstractions", "Plugin.BleGattServer.Abstractions\Plugin.BleGattServer.Abstractions.csproj", "{E098D7AF-FC4F-44B3-9524-0DB33473C7AD}"
EndProject
Project("{FAE04EC0-301F-11D3-BF4B-00C04F79EFBC}") = "Plugin.BleGattServer.Mac", "Plugin.BleGattServer.Mac\Plugin.BleGattServer.Mac.csproj", "{51A94EEB-A181-46D5-BD64-0D271B45C331}"
EndProject
Global
	GlobalSection(SharedMSBuildProjectFiles) = preSolution
		Plugin.BleGattServer.Shared\Plugin.BleGattServer.Shared.projitems*{51a94eeb-a181-46d5-bd64-0d271b45c331}*SharedItemsImports = 4
		Plugin.BleGattServer.Shared\Plugin.BleGattServer.Shared.projitems*{61470aac-e055-44d8-a649-2e0cfd8c28bd}*SharedItemsImports = 4
		Plugin.BleGattServer.Shared\Plugin.BleGattServer.Shared.projitems*{be07d63b-c90d-4fcf-9391-001d2406ce45}*SharedItemsImports = 4
		Plugin.BleGattServer.Shared\Plugin.BleGattServer.Shared.projitems*{c820a5c2-4323-459f-8db6-98fcf2051b17}*SharedItemsImports = 4
		Plugin.BleGattServer.Shared\Plugin.BleGattServer.Shared.projitems*{dde53660-94a9-474e-9788-8c86305fadd2}*SharedItemsImports = 13
		Plugin.BleGattServer.Shared\Plugin.BleGattServer.Shared.projitems*{e84a8278-60cc-4b21-8326-b1a0ec3d1801}*SharedItemsImports = 4
	EndGlobalSection
	GlobalSection(SolutionConfigurationPlatforms) = preSolution
		Ad-Hoc|Any CPU = Ad-Hoc|Any CPU
		Ad-Hoc|ARM = Ad-Hoc|ARM
		Ad-Hoc|iPhone = Ad-Hoc|iPhone
		Ad-Hoc|iPhoneSimulator = Ad-Hoc|iPhoneSimulator
		Ad-Hoc|x64 = Ad-Hoc|x64
		Ad-Hoc|x86 = Ad-Hoc|x86
		AppStore|Any CPU = AppStore|Any CPU
		AppStore|ARM = AppStore|ARM
		AppStore|iPhone = AppStore|iPhone
		AppStore|iPhoneSimulator = AppStore|iPhoneSimulator
		AppStore|x64 = AppStore|x64
		AppStore|x86 = AppStore|x86
		Debug|Any CPU = Debug|Any CPU
		Debug|ARM = Debug|ARM
		Debug|iPhone = Debug|iPhone
		Debug|iPhoneSimulator = Debug|iPhoneSimulator
		Debug|x64 = Debug|x64
		Debug|x86 = Debug|x86
		Release|Any CPU = Release|Any CPU
		Release|ARM = Release|ARM
		Release|iPhone = Release|iPhone
		Release|iPhoneSimulator = Release|iPhoneSimulator
		Release|x64 = Release|x64
		Release|x86 = Release|x86
	EndGlobalSection
	GlobalSection(ProjectConfigurationPlatforms) = postSolution
		{61470AAC-E055-44D8-A649-2E0CFD8C28BD}.Ad-Hoc|Any CPU.ActiveCfg = Release|Any CPU
		{61470AAC-E055-44D8-A649-2E0CFD8C28BD}.Ad-Hoc|Any CPU.Build.0 = Release|Any CPU
		{61470AAC-E055-44D8-A649-2E0CFD8C28BD}.Ad-Hoc|ARM.ActiveCfg = Release|Any CPU
		{61470AAC-E055-44D8-A649-2E0CFD8C28BD}.Ad-Hoc|ARM.Build.0 = Release|Any CPU
		{61470AAC-E055-44D8-A649-2E0CFD8C28BD}.Ad-Hoc|iPhone.ActiveCfg = Release|Any CPU
		{61470AAC-E055-44D8-A649-2E0CFD8C28BD}.Ad-Hoc|iPhone.Build.0 = Release|Any CPU
		{61470AAC-E055-44D8-A649-2E0CFD8C28BD}.Ad-Hoc|iPhoneSimulator.ActiveCfg = Release|Any CPU
		{61470AAC-E055-44D8-A649-2E0CFD8C28BD}.Ad-Hoc|iPhoneSimulator.Build.0 = Release|Any CPU
		{61470AAC-E055-44D8-A649-2E0CFD8C28BD}.Ad-Hoc|x64.ActiveCfg = Release|Any CPU
		{61470AAC-E055-44D8-A649-2E0CFD8C28BD}.Ad-Hoc|x64.Build.0 = Release|Any CPU
		{61470AAC-E055-44D8-A649-2E0CFD8C28BD}.Ad-Hoc|x86.ActiveCfg = Release|Any CPU
		{61470AAC-E055-44D8-A649-2E0CFD8C28BD}.Ad-Hoc|x86.Build.0 = Release|Any CPU
		{61470AAC-E055-44D8-A649-2E0CFD8C28BD}.AppStore|Any CPU.ActiveCfg = Release|Any CPU
		{61470AAC-E055-44D8-A649-2E0CFD8C28BD}.AppStore|Any CPU.Build.0 = Release|Any CPU
		{61470AAC-E055-44D8-A649-2E0CFD8C28BD}.AppStore|ARM.ActiveCfg = Release|Any CPU
		{61470AAC-E055-44D8-A649-2E0CFD8C28BD}.AppStore|ARM.Build.0 = Release|Any CPU
		{61470AAC-E055-44D8-A649-2E0CFD8C28BD}.AppStore|iPhone.ActiveCfg = Release|Any CPU
		{61470AAC-E055-44D8-A649-2E0CFD8C28BD}.AppStore|iPhone.Build.0 = Release|Any CPU
		{61470AAC-E055-44D8-A649-2E0CFD8C28BD}.AppStore|iPhoneSimulator.ActiveCfg = Release|Any CPU
		{61470AAC-E055-44D8-A649-2E0CFD8C28BD}.AppStore|iPhoneSimulator.Build.0 = Release|Any CPU
		{61470AAC-E055-44D8-A649-2E0CFD8C28BD}.AppStore|x64.ActiveCfg = Release|Any CPU
		{61470AAC-E055-44D8-A649-2E0CFD8C28BD}.AppStore|x64.Build.0 = Release|Any CPU
		{61470AAC-E055-44D8-A649-2E0CFD8C28BD}.AppStore|x86.ActiveCfg = Release|Any CPU
		{61470AAC-E055-44D8-A649-2E0CFD8C28BD}.AppStore|x86.Build.0 = Release|Any CPU
		{61470AAC-E055-44D8-A649-2E0CFD8C28BD}.Debug|Any CPU.ActiveCfg = Debug|Any CPU
		{61470AAC-E055-44D8-A649-2E0CFD8C28BD}.Debug|Any CPU.Build.0 = Debug|Any CPU
		{61470AAC-E055-44D8-A649-2E0CFD8C28BD}.Debug|ARM.ActiveCfg = Debug|Any CPU
		{61470AAC-E055-44D8-A649-2E0CFD8C28BD}.Debug|ARM.Build.0 = Debug|Any CPU
		{61470AAC-E055-44D8-A649-2E0CFD8C28BD}.Debug|iPhone.ActiveCfg = Debug|Any CPU
		{61470AAC-E055-44D8-A649-2E0CFD8C28BD}.Debug|iPhoneSimulator.ActiveCfg = Debug|Any CPU
		{61470AAC-E055-44D8-A649-2E0CFD8C28BD}.Debug|iPhoneSimulator.Build.0 = Debug|Any CPU
		{61470AAC-E055-44D8-A649-2E0CFD8C28BD}.Debug|x64.ActiveCfg = Debug|Any CPU
		{61470AAC-E055-44D8-A649-2E0CFD8C28BD}.Debug|x64.Build.0 = Debug|Any CPU
		{61470AAC-E055-44D8-A649-2E0CFD8C28BD}.Debug|x86.ActiveCfg = Debug|Any CPU
		{61470AAC-E055-44D8-A649-2E0CFD8C28BD}.Debug|x86.Build.0 = Debug|Any CPU
		{61470AAC-E055-44D8-A649-2E0CFD8C28BD}.Release|Any CPU.ActiveCfg = Release|Any CPU
		{61470AAC-E055-44D8-A649-2E0CFD8C28BD}.Release|Any CPU.Build.0 = Release|Any CPU
		{61470AAC-E055-44D8-A649-2E0CFD8C28BD}.Release|ARM.ActiveCfg = Release|Any CPU
		{61470AAC-E055-44D8-A649-2E0CFD8C28BD}.Release|ARM.Build.0 = Release|Any CPU
		{61470AAC-E055-44D8-A649-2E0CFD8C28BD}.Release|iPhone.ActiveCfg = Release|Any CPU
		{61470AAC-E055-44D8-A649-2E0CFD8C28BD}.Release|iPhone.Build.0 = Release|Any CPU
		{61470AAC-E055-44D8-A649-2E0CFD8C28BD}.Release|iPhoneSimulator.ActiveCfg = Release|Any CPU
		{61470AAC-E055-44D8-A649-2E0CFD8C28BD}.Release|iPhoneSimulator.Build.0 = Release|Any CPU
		{61470AAC-E055-44D8-A649-2E0CFD8C28BD}.Release|x64.ActiveCfg = Release|Any CPU
		{61470AAC-E055-44D8-A649-2E0CFD8C28BD}.Release|x64.Build.0 = Release|Any CPU
		{61470AAC-E055-44D8-A649-2E0CFD8C28BD}.Release|x86.ActiveCfg = Release|Any CPU
		{61470AAC-E055-44D8-A649-2E0CFD8C28BD}.Release|x86.Build.0 = Release|Any CPU
		{BE07D63B-C90D-4FCF-9391-001D2406CE45}.Ad-Hoc|Any CPU.ActiveCfg = Release|Any CPU
		{BE07D63B-C90D-4FCF-9391-001D2406CE45}.Ad-Hoc|Any CPU.Build.0 = Release|Any CPU
		{BE07D63B-C90D-4FCF-9391-001D2406CE45}.Ad-Hoc|ARM.ActiveCfg = Release|Any CPU
		{BE07D63B-C90D-4FCF-9391-001D2406CE45}.Ad-Hoc|ARM.Build.0 = Release|Any CPU
		{BE07D63B-C90D-4FCF-9391-001D2406CE45}.Ad-Hoc|iPhone.ActiveCfg = Release|Any CPU
		{BE07D63B-C90D-4FCF-9391-001D2406CE45}.Ad-Hoc|iPhone.Build.0 = Release|Any CPU
		{BE07D63B-C90D-4FCF-9391-001D2406CE45}.Ad-Hoc|iPhoneSimulator.ActiveCfg = Release|Any CPU
		{BE07D63B-C90D-4FCF-9391-001D2406CE45}.Ad-Hoc|iPhoneSimulator.Build.0 = Release|Any CPU
		{BE07D63B-C90D-4FCF-9391-001D2406CE45}.Ad-Hoc|x64.ActiveCfg = Release|Any CPU
		{BE07D63B-C90D-4FCF-9391-001D2406CE45}.Ad-Hoc|x64.Build.0 = Release|Any CPU
		{BE07D63B-C90D-4FCF-9391-001D2406CE45}.Ad-Hoc|x86.ActiveCfg = Release|Any CPU
		{BE07D63B-C90D-4FCF-9391-001D2406CE45}.Ad-Hoc|x86.Build.0 = Release|Any CPU
		{BE07D63B-C90D-4FCF-9391-001D2406CE45}.AppStore|Any CPU.ActiveCfg = Release|Any CPU
		{BE07D63B-C90D-4FCF-9391-001D2406CE45}.AppStore|Any CPU.Build.0 = Release|Any CPU
		{BE07D63B-C90D-4FCF-9391-001D2406CE45}.AppStore|ARM.ActiveCfg = Release|Any CPU
		{BE07D63B-C90D-4FCF-9391-001D2406CE45}.AppStore|ARM.Build.0 = Release|Any CPU
		{BE07D63B-C90D-4FCF-9391-001D2406CE45}.AppStore|iPhone.ActiveCfg = Release|Any CPU
		{BE07D63B-C90D-4FCF-9391-001D2406CE45}.AppStore|iPhone.Build.0 = Release|Any CPU
		{BE07D63B-C90D-4FCF-9391-001D2406CE45}.AppStore|iPhoneSimulator.ActiveCfg = Release|Any CPU
		{BE07D63B-C90D-4FCF-9391-001D2406CE45}.AppStore|iPhoneSimulator.Build.0 = Release|Any CPU
		{BE07D63B-C90D-4FCF-9391-001D2406CE45}.AppStore|x64.ActiveCfg = Release|Any CPU
		{BE07D63B-C90D-4FCF-9391-001D2406CE45}.AppStore|x64.Build.0 = Release|Any CPU
		{BE07D63B-C90D-4FCF-9391-001D2406CE45}.AppStore|x86.ActiveCfg = Release|Any CPU
		{BE07D63B-C90D-4FCF-9391-001D2406CE45}.AppStore|x86.Build.0 = Release|Any CPU
		{BE07D63B-C90D-4FCF-9391-001D2406CE45}.Debug|Any CPU.ActiveCfg = Debug|Any CPU
		{BE07D63B-C90D-4FCF-9391-001D2406CE45}.Debug|Any CPU.Build.0 = Debug|Any CPU
		{BE07D63B-C90D-4FCF-9391-001D2406CE45}.Debug|ARM.ActiveCfg = Debug|Any CPU
		{BE07D63B-C90D-4FCF-9391-001D2406CE45}.Debug|ARM.Build.0 = Debug|Any CPU
		{BE07D63B-C90D-4FCF-9391-001D2406CE45}.Debug|iPhone.ActiveCfg = Debug|Any CPU
		{BE07D63B-C90D-4FCF-9391-001D2406CE45}.Debug|iPhoneSimulator.ActiveCfg = Debug|Any CPU
		{BE07D63B-C90D-4FCF-9391-001D2406CE45}.Debug|iPhoneSimulator.Build.0 = Debug|Any CPU
		{BE07D63B-C90D-4FCF-9391-001D2406CE45}.Debug|x64.ActiveCfg = Debug|Any CPU
		{BE07D63B-C90D-4FCF-9391-001D2406CE45}.Debug|x64.Build.0 = Debug|Any CPU
		{BE07D63B-C90D-4FCF-9391-001D2406CE45}.Debug|x86.ActiveCfg = Debug|Any CPU
		{BE07D63B-C90D-4FCF-9391-001D2406CE45}.Debug|x86.Build.0 = Debug|Any CPU
		{BE07D63B-C90D-4FCF-9391-001D2406CE45}.Release|Any CPU.ActiveCfg = Release|Any CPU
		{BE07D63B-C90D-4FCF-9391-001D2406CE45}.Release|Any CPU.Build.0 = Release|Any CPU
		{BE07D63B-C90D-4FCF-9391-001D2406CE45}.Release|ARM.ActiveCfg = Release|Any CPU
		{BE07D63B-C90D-4FCF-9391-001D2406CE45}.Release|ARM.Build.0 = Release|Any CPU
		{BE07D63B-C90D-4FCF-9391-001D2406CE45}.Release|iPhone.ActiveCfg = Release|Any CPU
		{BE07D63B-C90D-4FCF-9391-001D2406CE45}.Release|iPhone.Build.0 = Release|Any CPU
		{BE07D63B-C90D-4FCF-9391-001D2406CE45}.Release|iPhoneSimulator.ActiveCfg = Release|Any CPU
		{BE07D63B-C90D-4FCF-9391-001D2406CE45}.Release|iPhoneSimulator.Build.0 = Release|Any CPU
		{BE07D63B-C90D-4FCF-9391-001D2406CE45}.Release|x64.ActiveCfg = Release|Any CPU
		{BE07D63B-C90D-4FCF-9391-001D2406CE45}.Release|x64.Build.0 = Release|Any CPU
		{BE07D63B-C90D-4FCF-9391-001D2406CE45}.Release|x86.ActiveCfg = Release|Any CPU
		{BE07D63B-C90D-4FCF-9391-001D2406CE45}.Release|x86.Build.0 = Release|Any CPU
		{E84A8278-60CC-4B21-8326-B1A0EC3D1801}.Ad-Hoc|Any CPU.ActiveCfg = Release|Any CPU
		{E84A8278-60CC-4B21-8326-B1A0EC3D1801}.Ad-Hoc|Any CPU.Build.0 = Release|Any CPU
		{E84A8278-60CC-4B21-8326-B1A0EC3D1801}.Ad-Hoc|ARM.ActiveCfg = Release|Any CPU
		{E84A8278-60CC-4B21-8326-B1A0EC3D1801}.Ad-Hoc|ARM.Build.0 = Release|Any CPU
		{E84A8278-60CC-4B21-8326-B1A0EC3D1801}.Ad-Hoc|iPhone.ActiveCfg = Release|Any CPU
		{E84A8278-60CC-4B21-8326-B1A0EC3D1801}.Ad-Hoc|iPhone.Build.0 = Release|Any CPU
		{E84A8278-60CC-4B21-8326-B1A0EC3D1801}.Ad-Hoc|iPhoneSimulator.ActiveCfg = Release|Any CPU
		{E84A8278-60CC-4B21-8326-B1A0EC3D1801}.Ad-Hoc|iPhoneSimulator.Build.0 = Release|Any CPU
		{E84A8278-60CC-4B21-8326-B1A0EC3D1801}.Ad-Hoc|x64.ActiveCfg = Release|Any CPU
		{E84A8278-60CC-4B21-8326-B1A0EC3D1801}.Ad-Hoc|x64.Build.0 = Release|Any CPU
		{E84A8278-60CC-4B21-8326-B1A0EC3D1801}.Ad-Hoc|x86.ActiveCfg = Release|Any CPU
		{E84A8278-60CC-4B21-8326-B1A0EC3D1801}.Ad-Hoc|x86.Build.0 = Release|Any CPU
		{E84A8278-60CC-4B21-8326-B1A0EC3D1801}.AppStore|Any CPU.ActiveCfg = Release|Any CPU
		{E84A8278-60CC-4B21-8326-B1A0EC3D1801}.AppStore|Any CPU.Build.0 = Release|Any CPU
		{E84A8278-60CC-4B21-8326-B1A0EC3D1801}.AppStore|ARM.ActiveCfg = Release|Any CPU
		{E84A8278-60CC-4B21-8326-B1A0EC3D1801}.AppStore|ARM.Build.0 = Release|Any CPU
		{E84A8278-60CC-4B21-8326-B1A0EC3D1801}.AppStore|iPhone.ActiveCfg = Release|Any CPU
		{E84A8278-60CC-4B21-8326-B1A0EC3D1801}.AppStore|iPhone.Build.0 = Release|Any CPU
		{E84A8278-60CC-4B21-8326-B1A0EC3D1801}.AppStore|iPhoneSimulator.ActiveCfg = Release|Any CPU
		{E84A8278-60CC-4B21-8326-B1A0EC3D1801}.AppStore|iPhoneSimulator.Build.0 = Release|Any CPU
		{E84A8278-60CC-4B21-8326-B1A0EC3D1801}.AppStore|x64.ActiveCfg = Release|Any CPU
		{E84A8278-60CC-4B21-8326-B1A0EC3D1801}.AppStore|x64.Build.0 = Release|Any CPU
		{E84A8278-60CC-4B21-8326-B1A0EC3D1801}.AppStore|x86.ActiveCfg = Release|Any CPU
		{E84A8278-60CC-4B21-8326-B1A0EC3D1801}.AppStore|x86.Build.0 = Release|Any CPU
		{E84A8278-60CC-4B21-8326-B1A0EC3D1801}.Debug|Any CPU.ActiveCfg = Debug|Any CPU
		{E84A8278-60CC-4B21-8326-B1A0EC3D1801}.Debug|Any CPU.Build.0 = Debug|Any CPU
		{E84A8278-60CC-4B21-8326-B1A0EC3D1801}.Debug|ARM.ActiveCfg = Debug|Any CPU
		{E84A8278-60CC-4B21-8326-B1A0EC3D1801}.Debug|ARM.Build.0 = Debug|Any CPU
		{E84A8278-60CC-4B21-8326-B1A0EC3D1801}.Debug|iPhone.ActiveCfg = Debug|Any CPU
		{E84A8278-60CC-4B21-8326-B1A0EC3D1801}.Debug|iPhoneSimulator.ActiveCfg = Debug|Any CPU
		{E84A8278-60CC-4B21-8326-B1A0EC3D1801}.Debug|iPhoneSimulator.Build.0 = Debug|Any CPU
		{E84A8278-60CC-4B21-8326-B1A0EC3D1801}.Debug|x64.ActiveCfg = Debug|Any CPU
		{E84A8278-60CC-4B21-8326-B1A0EC3D1801}.Debug|x64.Build.0 = Debug|Any CPU
		{E84A8278-60CC-4B21-8326-B1A0EC3D1801}.Debug|x86.ActiveCfg = Debug|Any CPU
		{E84A8278-60CC-4B21-8326-B1A0EC3D1801}.Debug|x86.Build.0 = Debug|Any CPU
		{E84A8278-60CC-4B21-8326-B1A0EC3D1801}.Release|Any CPU.ActiveCfg = Release|Any CPU
		{E84A8278-60CC-4B21-8326-B1A0EC3D1801}.Release|Any CPU.Build.0 = Release|Any CPU
		{E84A8278-60CC-4B21-8326-B1A0EC3D1801}.Release|ARM.ActiveCfg = Release|Any CPU
		{E84A8278-60CC-4B21-8326-B1A0EC3D1801}.Release|ARM.Build.0 = Release|Any CPU
		{E84A8278-60CC-4B21-8326-B1A0EC3D1801}.Release|iPhone.ActiveCfg = Release|Any CPU
		{E84A8278-60CC-4B21-8326-B1A0EC3D1801}.Release|iPhone.Build.0 = Release|Any CPU
		{E84A8278-60CC-4B21-8326-B1A0EC3D1801}.Release|iPhoneSimulator.ActiveCfg = Release|Any CPU
		{E84A8278-60CC-4B21-8326-B1A0EC3D1801}.Release|iPhoneSimulator.Build.0 = Release|Any CPU
		{E84A8278-60CC-4B21-8326-B1A0EC3D1801}.Release|x64.ActiveCfg = Release|Any CPU
		{E84A8278-60CC-4B21-8326-B1A0EC3D1801}.Release|x64.Build.0 = Release|Any CPU
		{E84A8278-60CC-4B21-8326-B1A0EC3D1801}.Release|x86.ActiveCfg = Release|Any CPU
		{E84A8278-60CC-4B21-8326-B1A0EC3D1801}.Release|x86.Build.0 = Release|Any CPU
		{C820A5C2-4323-459F-8DB6-98FCF2051B17}.Ad-Hoc|Any CPU.ActiveCfg = Release|Any CPU
		{C820A5C2-4323-459F-8DB6-98FCF2051B17}.Ad-Hoc|Any CPU.Build.0 = Release|Any CPU
		{C820A5C2-4323-459F-8DB6-98FCF2051B17}.Ad-Hoc|ARM.ActiveCfg = Release|ARM
		{C820A5C2-4323-459F-8DB6-98FCF2051B17}.Ad-Hoc|ARM.Build.0 = Release|ARM
		{C820A5C2-4323-459F-8DB6-98FCF2051B17}.Ad-Hoc|iPhone.ActiveCfg = Release|Any CPU
		{C820A5C2-4323-459F-8DB6-98FCF2051B17}.Ad-Hoc|iPhone.Build.0 = Release|Any CPU
		{C820A5C2-4323-459F-8DB6-98FCF2051B17}.Ad-Hoc|iPhoneSimulator.ActiveCfg = Release|Any CPU
		{C820A5C2-4323-459F-8DB6-98FCF2051B17}.Ad-Hoc|iPhoneSimulator.Build.0 = Release|Any CPU
		{C820A5C2-4323-459F-8DB6-98FCF2051B17}.Ad-Hoc|x64.ActiveCfg = Release|x64
		{C820A5C2-4323-459F-8DB6-98FCF2051B17}.Ad-Hoc|x64.Build.0 = Release|x64
		{C820A5C2-4323-459F-8DB6-98FCF2051B17}.Ad-Hoc|x86.ActiveCfg = Release|x86
		{C820A5C2-4323-459F-8DB6-98FCF2051B17}.Ad-Hoc|x86.Build.0 = Release|x86
		{C820A5C2-4323-459F-8DB6-98FCF2051B17}.AppStore|Any CPU.ActiveCfg = Release|Any CPU
		{C820A5C2-4323-459F-8DB6-98FCF2051B17}.AppStore|Any CPU.Build.0 = Release|Any CPU
		{C820A5C2-4323-459F-8DB6-98FCF2051B17}.AppStore|ARM.ActiveCfg = Release|ARM
		{C820A5C2-4323-459F-8DB6-98FCF2051B17}.AppStore|ARM.Build.0 = Release|ARM
		{C820A5C2-4323-459F-8DB6-98FCF2051B17}.AppStore|iPhone.ActiveCfg = Release|Any CPU
		{C820A5C2-4323-459F-8DB6-98FCF2051B17}.AppStore|iPhone.Build.0 = Release|Any CPU
		{C820A5C2-4323-459F-8DB6-98FCF2051B17}.AppStore|iPhoneSimulator.ActiveCfg = Release|Any CPU
		{C820A5C2-4323-459F-8DB6-98FCF2051B17}.AppStore|iPhoneSimulator.Build.0 = Release|Any CPU
		{C820A5C2-4323-459F-8DB6-98FCF2051B17}.AppStore|x64.ActiveCfg = Release|x64
		{C820A5C2-4323-459F-8DB6-98FCF2051B17}.AppStore|x64.Build.0 = Release|x64
		{C820A5C2-4323-459F-8DB6-98FCF2051B17}.AppStore|x86.ActiveCfg = Release|x86
		{C820A5C2-4323-459F-8DB6-98FCF2051B17}.AppStore|x86.Build.0 = Release|x86
		{C820A5C2-4323-459F-8DB6-98FCF2051B17}.Debug|Any CPU.ActiveCfg = Debug|Any CPU
		{C820A5C2-4323-459F-8DB6-98FCF2051B17}.Debug|Any CPU.Build.0 = Debug|Any CPU
		{C820A5C2-4323-459F-8DB6-98FCF2051B17}.Debug|ARM.ActiveCfg = Debug|ARM
		{C820A5C2-4323-459F-8DB6-98FCF2051B17}.Debug|ARM.Build.0 = Debug|ARM
		{C820A5C2-4323-459F-8DB6-98FCF2051B17}.Debug|iPhone.ActiveCfg = Debug|Any CPU
		{C820A5C2-4323-459F-8DB6-98FCF2051B17}.Debug|iPhone.Build.0 = Debug|Any CPU
		{C820A5C2-4323-459F-8DB6-98FCF2051B17}.Debug|iPhoneSimulator.ActiveCfg = Debug|Any CPU
		{C820A5C2-4323-459F-8DB6-98FCF2051B17}.Debug|iPhoneSimulator.Build.0 = Debug|Any CPU
		{C820A5C2-4323-459F-8DB6-98FCF2051B17}.Debug|x64.ActiveCfg = Debug|x64
		{C820A5C2-4323-459F-8DB6-98FCF2051B17}.Debug|x64.Build.0 = Debug|x64
		{C820A5C2-4323-459F-8DB6-98FCF2051B17}.Debug|x86.ActiveCfg = Debug|x86
		{C820A5C2-4323-459F-8DB6-98FCF2051B17}.Debug|x86.Build.0 = Debug|x86
		{C820A5C2-4323-459F-8DB6-98FCF2051B17}.Release|Any CPU.ActiveCfg = Release|Any CPU
		{C820A5C2-4323-459F-8DB6-98FCF2051B17}.Release|Any CPU.Build.0 = Release|Any CPU
		{C820A5C2-4323-459F-8DB6-98FCF2051B17}.Release|ARM.ActiveCfg = Release|ARM
		{C820A5C2-4323-459F-8DB6-98FCF2051B17}.Release|ARM.Build.0 = Release|ARM
		{C820A5C2-4323-459F-8DB6-98FCF2051B17}.Release|iPhone.ActiveCfg = Release|Any CPU
		{C820A5C2-4323-459F-8DB6-98FCF2051B17}.Release|iPhone.Build.0 = Release|Any CPU
		{C820A5C2-4323-459F-8DB6-98FCF2051B17}.Release|iPhoneSimulator.ActiveCfg = Release|Any CPU
		{C820A5C2-4323-459F-8DB6-98FCF2051B17}.Release|iPhoneSimulator.Build.0 = Release|Any CPU
		{C820A5C2-4323-459F-8DB6-98FCF2051B17}.Release|x64.ActiveCfg = Release|x64
		{C820A5C2-4323-459F-8DB6-98FCF2051B17}.Release|x64.Build.0 = Release|x64
		{C820A5C2-4323-459F-8DB6-98FCF2051B17}.Release|x86.ActiveCfg = Release|x86
		{C820A5C2-4323-459F-8DB6-98FCF2051B17}.Release|x86.Build.0 = Release|x86
		{E098D7AF-FC4F-44B3-9524-0DB33473C7AD}.Ad-Hoc|Any CPU.ActiveCfg = Debug|Any CPU
		{E098D7AF-FC4F-44B3-9524-0DB33473C7AD}.Ad-Hoc|Any CPU.Build.0 = Debug|Any CPU
		{E098D7AF-FC4F-44B3-9524-0DB33473C7AD}.Ad-Hoc|ARM.ActiveCfg = Debug|Any CPU
		{E098D7AF-FC4F-44B3-9524-0DB33473C7AD}.Ad-Hoc|ARM.Build.0 = Debug|Any CPU
		{E098D7AF-FC4F-44B3-9524-0DB33473C7AD}.Ad-Hoc|iPhone.ActiveCfg = Debug|Any CPU
		{E098D7AF-FC4F-44B3-9524-0DB33473C7AD}.Ad-Hoc|iPhone.Build.0 = Debug|Any CPU
		{E098D7AF-FC4F-44B3-9524-0DB33473C7AD}.Ad-Hoc|iPhoneSimulator.ActiveCfg = Debug|Any CPU
		{E098D7AF-FC4F-44B3-9524-0DB33473C7AD}.Ad-Hoc|iPhoneSimulator.Build.0 = Debug|Any CPU
		{E098D7AF-FC4F-44B3-9524-0DB33473C7AD}.Ad-Hoc|x64.ActiveCfg = Release|x64
		{E098D7AF-FC4F-44B3-9524-0DB33473C7AD}.Ad-Hoc|x64.Build.0 = Release|x64
		{E098D7AF-FC4F-44B3-9524-0DB33473C7AD}.Ad-Hoc|x86.ActiveCfg = Release|x86
		{E098D7AF-FC4F-44B3-9524-0DB33473C7AD}.Ad-Hoc|x86.Build.0 = Release|x86
		{E098D7AF-FC4F-44B3-9524-0DB33473C7AD}.AppStore|Any CPU.ActiveCfg = Debug|Any CPU
		{E098D7AF-FC4F-44B3-9524-0DB33473C7AD}.AppStore|Any CPU.Build.0 = Debug|Any CPU
		{E098D7AF-FC4F-44B3-9524-0DB33473C7AD}.AppStore|ARM.ActiveCfg = Debug|Any CPU
		{E098D7AF-FC4F-44B3-9524-0DB33473C7AD}.AppStore|ARM.Build.0 = Debug|Any CPU
		{E098D7AF-FC4F-44B3-9524-0DB33473C7AD}.AppStore|iPhone.ActiveCfg = Debug|Any CPU
		{E098D7AF-FC4F-44B3-9524-0DB33473C7AD}.AppStore|iPhone.Build.0 = Debug|Any CPU
		{E098D7AF-FC4F-44B3-9524-0DB33473C7AD}.AppStore|iPhoneSimulator.ActiveCfg = Debug|Any CPU
		{E098D7AF-FC4F-44B3-9524-0DB33473C7AD}.AppStore|iPhoneSimulator.Build.0 = Debug|Any CPU
		{E098D7AF-FC4F-44B3-9524-0DB33473C7AD}.AppStore|x64.ActiveCfg = Release|x64
		{E098D7AF-FC4F-44B3-9524-0DB33473C7AD}.AppStore|x64.Build.0 = Release|x64
		{E098D7AF-FC4F-44B3-9524-0DB33473C7AD}.AppStore|x86.ActiveCfg = Release|x86
		{E098D7AF-FC4F-44B3-9524-0DB33473C7AD}.AppStore|x86.Build.0 = Release|x86
		{E098D7AF-FC4F-44B3-9524-0DB33473C7AD}.Debug|Any CPU.ActiveCfg = Debug|Any CPU
		{E098D7AF-FC4F-44B3-9524-0DB33473C7AD}.Debug|Any CPU.Build.0 = Debug|Any CPU
		{E098D7AF-FC4F-44B3-9524-0DB33473C7AD}.Debug|ARM.ActiveCfg = Debug|Any CPU
		{E098D7AF-FC4F-44B3-9524-0DB33473C7AD}.Debug|ARM.Build.0 = Debug|Any CPU
		{E098D7AF-FC4F-44B3-9524-0DB33473C7AD}.Debug|iPhone.ActiveCfg = Debug|Any CPU
		{E098D7AF-FC4F-44B3-9524-0DB33473C7AD}.Debug|iPhone.Build.0 = Debug|Any CPU
		{E098D7AF-FC4F-44B3-9524-0DB33473C7AD}.Debug|iPhoneSimulator.ActiveCfg = Debug|Any CPU
		{E098D7AF-FC4F-44B3-9524-0DB33473C7AD}.Debug|iPhoneSimulator.Build.0 = Debug|Any CPU
		{E098D7AF-FC4F-44B3-9524-0DB33473C7AD}.Debug|x64.ActiveCfg = Debug|x64
		{E098D7AF-FC4F-44B3-9524-0DB33473C7AD}.Debug|x64.Build.0 = Debug|x64
		{E098D7AF-FC4F-44B3-9524-0DB33473C7AD}.Debug|x86.ActiveCfg = Debug|x86
		{E098D7AF-FC4F-44B3-9524-0DB33473C7AD}.Debug|x86.Build.0 = Debug|x86
		{E098D7AF-FC4F-44B3-9524-0DB33473C7AD}.Release|Any CPU.ActiveCfg = Release|Any CPU
		{E098D7AF-FC4F-44B3-9524-0DB33473C7AD}.Release|Any CPU.Build.0 = Release|Any CPU
		{E098D7AF-FC4F-44B3-9524-0DB33473C7AD}.Release|ARM.ActiveCfg = Release|Any CPU
		{E098D7AF-FC4F-44B3-9524-0DB33473C7AD}.Release|ARM.Build.0 = Release|Any CPU
		{E098D7AF-FC4F-44B3-9524-0DB33473C7AD}.Release|iPhone.ActiveCfg = Release|Any CPU
		{E098D7AF-FC4F-44B3-9524-0DB33473C7AD}.Release|iPhone.Build.0 = Release|Any CPU
		{E098D7AF-FC4F-44B3-9524-0DB33473C7AD}.Release|iPhoneSimulator.ActiveCfg = Release|Any CPU
		{E098D7AF-FC4F-44B3-9524-0DB33473C7AD}.Release|iPhoneSimulator.Build.0 = Release|Any CPU
		{E098D7AF-FC4F-44B3-9524-0DB33473C7AD}.Release|x64.ActiveCfg = Release|x64
		{E098D7AF-FC4F-44B3-9524-0DB33473C7AD}.Release|x64.Build.0 = Release|x64
		{E098D7AF-FC4F-44B3-9524-0DB33473C7AD}.Release|x86.ActiveCfg = Release|x86
		{E098D7AF-FC4F-44B3-9524-0DB33473C7AD}.Release|x86.Build.0 = Release|x86
		{51A94EEB-A181-46D5-BD64-0D271B45C331}.Ad-Hoc|Any CPU.ActiveCfg = Release|Any CPU
		{51A94EEB-A181-46D5-BD64-0D271B45C331}.Ad-Hoc|Any CPU.Build.0 = Release|Any CPU
		{51A94EEB-A181-46D5-BD64-0D271B45C331}.Ad-Hoc|ARM.ActiveCfg = Release|Any CPU
		{51A94EEB-A181-46D5-BD64-0D271B45C331}.Ad-Hoc|ARM.Build.0 = Release|Any CPU
		{51A94EEB-A181-46D5-BD64-0D271B45C331}.Ad-Hoc|iPhone.ActiveCfg = Release|Any CPU
		{51A94EEB-A181-46D5-BD64-0D271B45C331}.Ad-Hoc|iPhone.Build.0 = Release|Any CPU
		{51A94EEB-A181-46D5-BD64-0D271B45C331}.Ad-Hoc|iPhoneSimulator.ActiveCfg = Release|Any CPU
		{51A94EEB-A181-46D5-BD64-0D271B45C331}.Ad-Hoc|iPhoneSimulator.Build.0 = Release|Any CPU
		{51A94EEB-A181-46D5-BD64-0D271B45C331}.Ad-Hoc|x64.ActiveCfg = Release|Any CPU
		{51A94EEB-A181-46D5-BD64-0D271B45C331}.Ad-Hoc|x64.Build.0 = Release|Any CPU
		{51A94EEB-A181-46D5-BD64-0D271B45C331}.Ad-Hoc|x86.ActiveCfg = Release|Any CPU
		{51A94EEB-A181-46D5-BD64-0D271B45C331}.Ad-Hoc|x86.Build.0 = Release|Any CPU
		{51A94EEB-A181-46D5-BD64-0D271B45C331}.AppStore|Any CPU.ActiveCfg = Release|Any CPU
		{51A94EEB-A181-46D5-BD64-0D271B45C331}.AppStore|Any CPU.Build.0 = Release|Any CPU
		{51A94EEB-A181-46D5-BD64-0D271B45C331}.AppStore|ARM.ActiveCfg = Release|Any CPU
		{51A94EEB-A181-46D5-BD64-0D271B45C331}.AppStore|ARM.Build.0 = Release|Any CPU
		{51A94EEB-A181-46D5-BD64-0D271B45C331}.AppStore|iPhone.ActiveCfg = Release|Any CPU
		{51A94EEB-A181-46D5-BD64-0D271B45C331}.AppStore|iPhone.Build.0 = Release|Any CPU
		{51A94EEB-A181-46D5-BD64-0D271B45C331}.AppStore|iPhoneSimulator.ActiveCfg = Release|Any CPU
		{51A94EEB-A181-46D5-BD64-0D271B45C331}.AppStore|iPhoneSimulator.Build.0 = Release|Any CPU
		{51A94EEB-A181-46D5-BD64-0D271B45C331}.AppStore|x64.ActiveCfg = Release|Any CPU
		{51A94EEB-A181-46D5-BD64-0D271B45C331}.AppStore|x64.Build.0 = Release|Any CPU
		{51A94EEB-A181-46D5-BD64-0D271B45C331}.AppStore|x86.ActiveCfg = Release|Any CPU
		{51A94EEB-A181-46D5-BD64-0D271B45C331}.AppStore|x86.Build.0 = Release|Any CPU
		{51A94EEB-A181-46D5-BD64-0D271B45C331}.Debug|Any CPU.ActiveCfg = Debug|Any CPU
		{51A94EEB-A181-46D5-BD64-0D271B45C331}.Debug|Any CPU.Build.0 = Debug|Any CPU
		{51A94EEB-A181-46D5-BD64-0D271B45C331}.Debug|ARM.ActiveCfg = Debug|Any CPU
		{51A94EEB-A181-46D5-BD64-0D271B45C331}.Debug|ARM.Build.0 = Debug|Any CPU
		{51A94EEB-A181-46D5-BD64-0D271B45C331}.Debug|iPhone.ActiveCfg = Debug|Any CPU
		{51A94EEB-A181-46D5-BD64-0D271B45C331}.Debug|iPhone.Build.0 = Debug|Any CPU
		{51A94EEB-A181-46D5-BD64-0D271B45C331}.Debug|iPhoneSimulator.ActiveCfg = Debug|Any CPU
		{51A94EEB-A181-46D5-BD64-0D271B45C331}.Debug|iPhoneSimulator.Build.0 = Debug|Any CPU
		{51A94EEB-A181-46D5-BD64-0D271B45C331}.Debug|x64.ActiveCfg = Debug|Any CPU
		{51A94EEB-A181-46D5-BD64-0D271B45C331}.Debug|x64.Build.0 = Debug|Any CPU
		{51A94EEB-A181-46D5-BD64-0D271B45C331}.Debug|x86.ActiveCfg = Debug|Any CPU
		{51A94EEB-A181-46D5-BD64-0D271B45C331}.Debug|x86.Build.0 = Debug|Any CPU
		{51A94EEB-A181-46D5-BD64-0D271B45C331}.Release|Any CPU.ActiveCfg = Release|Any CPU
		{51A94EEB-A181-46D5-BD64-0D271B45C331}.Release|Any CPU.Build.0 = Release|Any CPU
		{51A94EEB-A181-46D5-BD64-0D271B45C331}.Release|ARM.ActiveCfg = Release|Any CPU
		{51A94EEB-A181-46D5-BD64-0D271B45C331}.Release|ARM.Build.0 = Release|Any CPU
		{51A94EEB-A181-46D5-BD64-0D271B45C331}.Release|iPhone.ActiveCfg = Release|Any CPU
		{51A94EEB-A181-46D5-BD64-0D271B45C331}.Release|iPhone.Build.0 = Release|Any CPU
		{51A94EEB-A181-46D5-BD64-0D271B45C331}.Release|iPhoneSimulator.ActiveCfg = Release|Any CPU
		{51A94EEB-A181-46D5-BD64-0D271B45C331}.Release|iPhoneSimulator.Build.0 = Release|Any CPU
		{51A94EEB-A181-46D5-BD64-0D271B45C331}.Release|x64.ActiveCfg = Release|Any CPU
		{51A94EEB-A181-46D5-BD64-0D271B45C331}.Release|x64.Build.0 = Release|Any CPU
		{51A94EEB-A181-46D5-BD64-0D271B45C331}.Release|x86.ActiveCfg = Release|Any CPU
		{51A94EEB-A181-46D5-BD64-0D271B45C331}.Release|x86.Build.0 = Release|Any CPU
	EndGlobalSection
	GlobalSection(SolutionProperties) = preSolution
		HideSolutionNode = FALSE
	EndGlobalSection
EndGlobal
